// !$*UTF8*$!
{
	archiveVersion = 1;
	classes = {
	};
	objectVersion = 46;
	objects = {

/* Begin PBXBuildFile section */
		3D36E291105229E700132E23 /* BridgeSupportController.m in Sources */ = {isa = PBXBuildFile; fileRef = 3D36E262105229E700132E23 /* BridgeSupportController.m */; };
		3D36E292105229E700132E23 /* class.js in Resources */ = {isa = PBXBuildFile; fileRef = 3D36E263105229E700132E23 /* class.js */; };
		3D36E2A0105229E700132E23 /* JSCocoaController.m in Sources */ = {isa = PBXBuildFile; fileRef = 3D36E288105229E700132E23 /* JSCocoaController.m */; };
		3D36E2A1105229E700132E23 /* JSCocoaFFIArgument.m in Sources */ = {isa = PBXBuildFile; fileRef = 3D36E28A105229E700132E23 /* JSCocoaFFIArgument.m */; };
		3D36E2A2105229E700132E23 /* JSCocoaFFIClosure.m in Sources */ = {isa = PBXBuildFile; fileRef = 3D36E28C105229E700132E23 /* JSCocoaFFIClosure.m */; };
		3D36E2A3105229E700132E23 /* JSCocoaLib.m in Sources */ = {isa = PBXBuildFile; fileRef = 3D36E28E105229E700132E23 /* JSCocoaLib.m */; };
		3D36E2A4105229E700132E23 /* JSCocoaPrivateObject.m in Sources */ = {isa = PBXBuildFile; fileRef = 3D36E290105229E700132E23 /* JSCocoaPrivateObject.m */; };
		3D36E2B510522A1200132E23 /* main.m in Sources */ = {isa = PBXBuildFile; fileRef = 3D36E2B310522A1200132E23 /* main.m */; };
		3D36E2B710522A2100132E23 /* test.js in Resources */ = {isa = PBXBuildFile; fileRef = 3D36E2B610522A2100132E23 /* test.js */; };
		3D36E2BA10522A2600132E23 /* ApplicationController.m in Sources */ = {isa = PBXBuildFile; fileRef = 3D36E2B910522A2600132E23 /* ApplicationController.m */; };
		3D36E2BC10522A4100132E23 /* Tests in Resources */ = {isa = PBXBuildFile; fileRef = 3D36E2BB10522A4100132E23 /* Tests */; };
		3D36E2C310522A5900132E23 /* InfoPlist.strings in Resources */ = {isa = PBXBuildFile; fileRef = 3D36E2BF10522A5900132E23 /* InfoPlist.strings */; };
		3D36E2C410522A5900132E23 /* MainMenu.xib in Resources */ = {isa = PBXBuildFile; fileRef = 3D36E2C110522A5900132E23 /* MainMenu.xib */; };
		3D44EA621072FC7300F20BAD /* jslint-jscocoa.js in Resources */ = {isa = PBXBuildFile; fileRef = 3D44EA611072FC7300F20BAD /* jslint-jscocoa.js */; };
		3DBE5C4112F0B6D000579DC8 /* JavaScriptCore.framework in Frameworks */ = {isa = PBXBuildFile; fileRef = 3D36E2C610522A6F00132E23 /* JavaScriptCore.framework */; };
		8D11072F0486CEB800E47090 /* Cocoa.framework in Frameworks */ = {isa = PBXBuildFile; fileRef = 1058C7A1FEA54F0111CA2CBB /* Cocoa.framework */; };
/* End PBXBuildFile section */

/* Begin PBXFileReference section */
		1058C7A1FEA54F0111CA2CBB /* Cocoa.framework */ = {isa = PBXFileReference; lastKnownFileType = wrapper.framework; name = Cocoa.framework; path = /System/Library/Frameworks/Cocoa.framework; sourceTree = "<absolute>"; };
		13E42FB307B3F0F600E4EEF1 /* CoreData.framework */ = {isa = PBXFileReference; lastKnownFileType = wrapper.framework; name = CoreData.framework; path = /System/Library/Frameworks/CoreData.framework; sourceTree = "<absolute>"; };
		29B97324FDCFA39411CA2CEA /* AppKit.framework */ = {isa = PBXFileReference; lastKnownFileType = wrapper.framework; name = AppKit.framework; path = /System/Library/Frameworks/AppKit.framework; sourceTree = "<absolute>"; };
		29B97325FDCFA39411CA2CEA /* Foundation.framework */ = {isa = PBXFileReference; lastKnownFileType = wrapper.framework; name = Foundation.framework; path = /System/Library/Frameworks/Foundation.framework; sourceTree = "<absolute>"; };
		3D36E261105229E700132E23 /* BridgeSupportController.h */ = {isa = PBXFileReference; fileEncoding = 4; lastKnownFileType = sourcecode.c.h; path = BridgeSupportController.h; sourceTree = "<group>"; };
		3D36E262105229E700132E23 /* BridgeSupportController.m */ = {isa = PBXFileReference; fileEncoding = 4; lastKnownFileType = sourcecode.c.objc; path = BridgeSupportController.m; sourceTree = "<group>"; };
		3D36E263105229E700132E23 /* class.js */ = {isa = PBXFileReference; fileEncoding = 4; lastKnownFileType = sourcecode.javascript; path = class.js; sourceTree = "<group>"; };
		3D36E282105229E700132E23 /* JSCocoa.h */ = {isa = PBXFileReference; fileEncoding = 4; lastKnownFileType = sourcecode.c.h; path = JSCocoa.h; sourceTree = "<group>"; };
		3D36E286105229E700132E23 /* JSCocoa_Prefix.pch */ = {isa = PBXFileReference; fileEncoding = 4; lastKnownFileType = sourcecode.c.h; path = JSCocoa_Prefix.pch; sourceTree = "<group>"; };
		3D36E287105229E700132E23 /* JSCocoaController.h */ = {isa = PBXFileReference; fileEncoding = 4; lastKnownFileType = sourcecode.c.h; path = JSCocoaController.h; sourceTree = "<group>"; };
		3D36E288105229E700132E23 /* JSCocoaController.m */ = {isa = PBXFileReference; fileEncoding = 4; lastKnownFileType = sourcecode.c.objc; path = JSCocoaController.m; sourceTree = "<group>"; };
		3D36E289105229E700132E23 /* JSCocoaFFIArgument.h */ = {isa = PBXFileReference; fileEncoding = 4; lastKnownFileType = sourcecode.c.h; path = JSCocoaFFIArgument.h; sourceTree = "<group>"; };
		3D36E28A105229E700132E23 /* JSCocoaFFIArgument.m */ = {isa = PBXFileReference; fileEncoding = 4; lastKnownFileType = sourcecode.c.objc; path = JSCocoaFFIArgument.m; sourceTree = "<group>"; };
		3D36E28B105229E700132E23 /* JSCocoaFFIClosure.h */ = {isa = PBXFileReference; fileEncoding = 4; lastKnownFileType = sourcecode.c.h; path = JSCocoaFFIClosure.h; sourceTree = "<group>"; };
		3D36E28C105229E700132E23 /* JSCocoaFFIClosure.m */ = {isa = PBXFileReference; fileEncoding = 4; lastKnownFileType = sourcecode.c.objc; path = JSCocoaFFIClosure.m; sourceTree = "<group>"; };
		3D36E28D105229E700132E23 /* JSCocoaLib.h */ = {isa = PBXFileReference; fileEncoding = 4; lastKnownFileType = sourcecode.c.h; path = JSCocoaLib.h; sourceTree = "<group>"; };
		3D36E28E105229E700132E23 /* JSCocoaLib.m */ = {isa = PBXFileReference; fileEncoding = 4; lastKnownFileType = sourcecode.c.objc; path = JSCocoaLib.m; sourceTree = "<group>"; };
		3D36E28F105229E700132E23 /* JSCocoaPrivateObject.h */ = {isa = PBXFileReference; fileEncoding = 4; lastKnownFileType = sourcecode.c.h; path = JSCocoaPrivateObject.h; sourceTree = "<group>"; };
		3D36E290105229E700132E23 /* JSCocoaPrivateObject.m */ = {isa = PBXFileReference; fileEncoding = 4; lastKnownFileType = sourcecode.c.objc; path = JSCocoaPrivateObject.m; sourceTree = "<group>"; };
		3D36E2B310522A1200132E23 /* main.m */ = {isa = PBXFileReference; fileEncoding = 4; lastKnownFileType = sourcecode.c.objc; path = main.m; sourceTree = "<group>"; };
		3D36E2B410522A1200132E23 /* TestsRunner_Prefix.pch */ = {isa = PBXFileReference; fileEncoding = 4; lastKnownFileType = sourcecode.c.h; path = TestsRunner_Prefix.pch; sourceTree = "<group>"; };
		3D36E2B610522A2100132E23 /* test.js */ = {isa = PBXFileReference; fileEncoding = 4; lastKnownFileType = sourcecode.javascript; path = test.js; sourceTree = "<group>"; };
		3D36E2B810522A2600132E23 /* ApplicationController.h */ = {isa = PBXFileReference; fileEncoding = 4; lastKnownFileType = sourcecode.c.h; path = ApplicationController.h; sourceTree = "<group>"; };
		3D36E2B910522A2600132E23 /* ApplicationController.m */ = {isa = PBXFileReference; fileEncoding = 4; lastKnownFileType = sourcecode.c.objc; path = ApplicationController.m; sourceTree = "<group>"; };
		3D36E2BB10522A4100132E23 /* Tests */ = {isa = PBXFileReference; lastKnownFileType = folder; name = Tests; path = ../Tests; sourceTree = SOURCE_ROOT; };
		3D36E2BD10522A4E00132E23 /* TestsRunner-Info.plist */ = {isa = PBXFileReference; fileEncoding = 4; lastKnownFileType = text.plist.xml; path = "TestsRunner-Info.plist"; sourceTree = "<group>"; };
		3D36E2C010522A5900132E23 /* English */ = {isa = PBXFileReference; fileEncoding = 4; lastKnownFileType = text.plist.strings; name = English; path = English.lproj/InfoPlist.strings; sourceTree = "<group>"; };
		3D36E2C210522A5900132E23 /* English */ = {isa = PBXFileReference; lastKnownFileType = file.xib; name = English; path = English.lproj/MainMenu.xib; sourceTree = "<group>"; };
		3D36E2C610522A6F00132E23 /* JavaScriptCore.framework */ = {isa = PBXFileReference; lastKnownFileType = wrapper.framework; name = JavaScriptCore.framework; path = /System/Library/Frameworks/JavaScriptCore.framework; sourceTree = "<absolute>"; };
		3D44EA611072FC7300F20BAD /* jslint-jscocoa.js */ = {isa = PBXFileReference; fileEncoding = 4; lastKnownFileType = sourcecode.javascript; path = "jslint-jscocoa.js"; sourceTree = "<group>"; };
		8D1107320486CEB800E47090 /* TestsRunner.app */ = {isa = PBXFileReference; explicitFileType = wrapper.application; includeInIndex = 0; path = TestsRunner.app; sourceTree = BUILT_PRODUCTS_DIR; };
/* End PBXFileReference section */

/* Begin PBXFrameworksBuildPhase section */
		8D11072E0486CEB800E47090 /* Frameworks */ = {
			isa = PBXFrameworksBuildPhase;
			buildActionMask = 2147483647;
			files = (
				3DBE5C4112F0B6D000579DC8 /* JavaScriptCore.framework in Frameworks */,
				8D11072F0486CEB800E47090 /* Cocoa.framework in Frameworks */,
			);
			runOnlyForDeploymentPostprocessing = 0;
		};
/* End PBXFrameworksBuildPhase section */

/* Begin PBXGroup section */
		080E96DDFE201D6D7F000001 /* Classes */ = {
			isa = PBXGroup;
			children = (
				3D36E2B610522A2100132E23 /* test.js */,
				3D36E2B910522A2600132E23 /* ApplicationController.m */,
				3D36E2B810522A2600132E23 /* ApplicationController.h */,
			);
			name = Classes;
			sourceTree = "<group>";
		};
		1058C7A0FEA54F0111CA2CBB /* Linked Frameworks */ = {
			isa = PBXGroup;
			children = (
				1058C7A1FEA54F0111CA2CBB /* Cocoa.framework */,
			);
			name = "Linked Frameworks";
			sourceTree = "<group>";
		};
		1058C7A2FEA54F0111CA2CBB /* Other Frameworks */ = {
			isa = PBXGroup;
			children = (
				29B97324FDCFA39411CA2CEA /* AppKit.framework */,
				13E42FB307B3F0F600E4EEF1 /* CoreData.framework */,
				29B97325FDCFA39411CA2CEA /* Foundation.framework */,
			);
			name = "Other Frameworks";
			sourceTree = "<group>";
		};
		19C28FACFE9D520D11CA2CBB /* Products */ = {
			isa = PBXGroup;
			children = (
				8D1107320486CEB800E47090 /* TestsRunner.app */,
			);
			name = Products;
			sourceTree = "<group>";
		};
		29B97314FDCFA39411CA2CEA /* TestsRunner */ = {
			isa = PBXGroup;
			children = (
				3D36E260105229E700132E23 /* JSCocoa */,
				080E96DDFE201D6D7F000001 /* Classes */,
				29B97315FDCFA39411CA2CEA /* Other Sources */,
				29B97317FDCFA39411CA2CEA /* Resources */,
				29B97323FDCFA39411CA2CEA /* Frameworks */,
				19C28FACFE9D520D11CA2CBB /* Products */,
			);
			name = TestsRunner;
			sourceTree = "<group>";
		};
		29B97315FDCFA39411CA2CEA /* Other Sources */ = {
			isa = PBXGroup;
			children = (
				3D36E2B310522A1200132E23 /* main.m */,
				3D36E2B410522A1200132E23 /* TestsRunner_Prefix.pch */,
			);
			name = "Other Sources";
			sourceTree = "<group>";
		};
		29B97317FDCFA39411CA2CEA /* Resources */ = {
			isa = PBXGroup;
			children = (
				3D36E2BB10522A4100132E23 /* Tests */,
				3D36E2BD10522A4E00132E23 /* TestsRunner-Info.plist */,
				3D36E2BF10522A5900132E23 /* InfoPlist.strings */,
				3D36E2C110522A5900132E23 /* MainMenu.xib */,
			);
			name = Resources;
			sourceTree = "<group>";
		};
		29B97323FDCFA39411CA2CEA /* Frameworks */ = {
			isa = PBXGroup;
			children = (
				1058C7A0FEA54F0111CA2CBB /* Linked Frameworks */,
				1058C7A2FEA54F0111CA2CBB /* Other Frameworks */,
				3D36E2C610522A6F00132E23 /* JavaScriptCore.framework */,
			);
			name = Frameworks;
			sourceTree = "<group>";
		};
		3D36E260105229E700132E23 /* JSCocoa */ = {
			isa = PBXGroup;
			children = (
				3D36E262105229E700132E23 /* BridgeSupportController.m */,
				3D36E261105229E700132E23 /* BridgeSupportController.h */,
				3D36E263105229E700132E23 /* class.js */,
				3D44EA611072FC7300F20BAD /* jslint-jscocoa.js */,
				3D36E282105229E700132E23 /* JSCocoa.h */,
				3D36E286105229E700132E23 /* JSCocoa_Prefix.pch */,
				3D36E288105229E700132E23 /* JSCocoaController.m */,
				3D36E287105229E700132E23 /* JSCocoaController.h */,
				3D36E28A105229E700132E23 /* JSCocoaFFIArgument.m */,
				3D36E289105229E700132E23 /* JSCocoaFFIArgument.h */,
				3D36E28C105229E700132E23 /* JSCocoaFFIClosure.m */,
				3D36E28B105229E700132E23 /* JSCocoaFFIClosure.h */,
				3D36E28E105229E700132E23 /* JSCocoaLib.m */,
				3D36E28D105229E700132E23 /* JSCocoaLib.h */,
				3D36E290105229E700132E23 /* JSCocoaPrivateObject.m */,
				3D36E28F105229E700132E23 /* JSCocoaPrivateObject.h */,
			);
			name = JSCocoa;
			path = ../JSCocoa;
			sourceTree = SOURCE_ROOT;
		};
/* End PBXGroup section */

/* Begin PBXNativeTarget section */
		8D1107260486CEB800E47090 /* TestsRunner */ = {
			isa = PBXNativeTarget;
			buildConfigurationList = C01FCF4A08A954540054247B /* Build configuration list for PBXNativeTarget "TestsRunner" */;
			buildPhases = (
				8D1107290486CEB800E47090 /* Resources */,
				8D11072C0486CEB800E47090 /* Sources */,
				8D11072E0486CEB800E47090 /* Frameworks */,
			);
			buildRules = (
			);
			dependencies = (
			);
			name = TestsRunner;
			productInstallPath = "$(HOME)/Applications";
			productName = TestsRunner;
			productReference = 8D1107320486CEB800E47090 /* TestsRunner.app */;
			productType = "com.apple.product-type.application";
		};
/* End PBXNativeTarget section */

/* Begin PBXProject section */
		29B97313FDCFA39411CA2CEA /* Project object */ = {
			isa = PBXProject;
			attributes = {
				LastUpgradeCheck = 0420;
			};
			buildConfigurationList = C01FCF4E08A954540054247B /* Build configuration list for PBXProject "TestsRunner" */;
			compatibilityVersion = "Xcode 3.2";
			developmentRegion = English;
			hasScannedForEncodings = 1;
			knownRegions = (
				English,
				Japanese,
				French,
				German,
			);
			mainGroup = 29B97314FDCFA39411CA2CEA /* TestsRunner */;
			projectDirPath = "";
			projectRoot = "";
			targets = (
				8D1107260486CEB800E47090 /* TestsRunner */,
			);
		};
/* End PBXProject section */

/* Begin PBXResourcesBuildPhase section */
		8D1107290486CEB800E47090 /* Resources */ = {
			isa = PBXResourcesBuildPhase;
			buildActionMask = 2147483647;
			files = (
				3D36E2B710522A2100132E23 /* test.js in Resources */,
				3D36E292105229E700132E23 /* class.js in Resources */,
				3D44EA621072FC7300F20BAD /* jslint-jscocoa.js in Resources */,
				3D36E2BC10522A4100132E23 /* Tests in Resources */,
				3D36E2C310522A5900132E23 /* InfoPlist.strings in Resources */,
				3D36E2C410522A5900132E23 /* MainMenu.xib in Resources */,
			);
			runOnlyForDeploymentPostprocessing = 0;
		};
/* End PBXResourcesBuildPhase section */

/* Begin PBXSourcesBuildPhase section */
		8D11072C0486CEB800E47090 /* Sources */ = {
			isa = PBXSourcesBuildPhase;
			buildActionMask = 2147483647;
			files = (
				3D36E291105229E700132E23 /* BridgeSupportController.m in Sources */,
				3D36E2A0105229E700132E23 /* JSCocoaController.m in Sources */,
				3D36E2A1105229E700132E23 /* JSCocoaFFIArgument.m in Sources */,
				3D36E2A2105229E700132E23 /* JSCocoaFFIClosure.m in Sources */,
				3D36E2A3105229E700132E23 /* JSCocoaLib.m in Sources */,
				3D36E2A4105229E700132E23 /* JSCocoaPrivateObject.m in Sources */,
				3D36E2B510522A1200132E23 /* main.m in Sources */,
				3D36E2BA10522A2600132E23 /* ApplicationController.m in Sources */,
			);
			runOnlyForDeploymentPostprocessing = 0;
		};
/* End PBXSourcesBuildPhase section */

/* Begin PBXVariantGroup section */
		3D36E2BF10522A5900132E23 /* InfoPlist.strings */ = {
			isa = PBXVariantGroup;
			children = (
				3D36E2C010522A5900132E23 /* English */,
			);
			name = InfoPlist.strings;
			sourceTree = "<group>";
		};
		3D36E2C110522A5900132E23 /* MainMenu.xib */ = {
			isa = PBXVariantGroup;
			children = (
				3D36E2C210522A5900132E23 /* English */,
			);
			name = MainMenu.xib;
			sourceTree = "<group>";
		};
/* End PBXVariantGroup section */

/* Begin XCBuildConfiguration section */
		C01FCF4B08A954540054247B /* Debug */ = {
			isa = XCBuildConfiguration;
			buildSettings = {
				ALWAYS_SEARCH_USER_PATHS = NO;
				COPY_PHASE_STRIP = NO;
				GCC_DYNAMIC_NO_PIC = NO;
				GCC_MODEL_TUNING = G5;
				GCC_OPTIMIZATION_LEVEL = 0;
				GCC_PRECOMPILE_PREFIX_HEADER = YES;
				GCC_PREFIX_HEADER = TestsRunner_Prefix.pch;
				INFOPLIST_FILE = "TestsRunner-Info.plist";
				INSTALL_PATH = "$(HOME)/Applications";
				PRODUCT_NAME = TestsRunner;
				SDKROOT = macosx;
			};
			name = Debug;
		};
		C01FCF4C08A954540054247B /* Release */ = {
			isa = XCBuildConfiguration;
			buildSettings = {
				ALWAYS_SEARCH_USER_PATHS = NO;
				DEBUG_INFORMATION_FORMAT = "dwarf-with-dsym";
				GCC_MODEL_TUNING = G5;
				GCC_PRECOMPILE_PREFIX_HEADER = YES;
				GCC_PREFIX_HEADER = TestsRunner_Prefix.pch;
				INFOPLIST_FILE = "TestsRunner-Info.plist";
				INSTALL_PATH = "$(HOME)/Applications";
				PRODUCT_NAME = TestsRunner;
				SDKROOT = macosx;
			};
			name = Release;
		};
		C01FCF4F08A954540054247B /* Debug */ = {
			isa = XCBuildConfiguration;
			buildSettings = {
				ARCHS = "$(ARCHS_STANDARD_32_64_BIT)";
				GCC_C_LANGUAGE_STANDARD = gnu99;
				GCC_OPTIMIZATION_LEVEL = 0;
				GCC_WARN_64_TO_32_BIT_CONVERSION = YES;
				GCC_WARN_ABOUT_RETURN_TYPE = YES;
				GCC_WARN_MISSING_PARENTHESES = YES;
				GCC_WARN_PEDANTIC = NO;
				GCC_WARN_SHADOW = YES;
				GCC_WARN_UNUSED_VARIABLE = YES;
				ONLY_ACTIVE_ARCH = YES;
				OTHER_LDFLAGS = "-lffi";
				SDKROOT = macosx;
			};
			name = Debug;
		};
		C01FCF5008A954540054247B /* Release */ = {
			isa = XCBuildConfiguration;
			buildSettings = {
				ARCHS = "$(ARCHS_STANDARD_32_64_BIT)";
				GCC_C_LANGUAGE_STANDARD = gnu99;
				GCC_WARN_64_TO_32_BIT_CONVERSION = YES;
				GCC_WARN_ABOUT_RETURN_TYPE = YES;
				GCC_WARN_MISSING_PARENTHESES = YES;
				GCC_WARN_PEDANTIC = NO;
				GCC_WARN_SHADOW = YES;
				GCC_WARN_UNUSED_VARIABLE = YES;
				OTHER_LDFLAGS = "-lffi";
				SDKROOT = macosx;
			};
			name = Release;
		};
/* End XCBuildConfiguration section */

/* Begin XCConfigurationList section */
		C01FCF4A08A954540054247B /* Build configuration list for PBXNativeTarget "TestsRunner" */ = {
			isa = XCConfigurationList;
			buildConfigurations = (
				C01FCF4B08A954540054247B /* Debug */,
				C01FCF4C08A954540054247B /* Release */,
			);
			defaultConfigurationIsVisible = 0;
			defaultConfigurationName = Release;
		};
		C01FCF4E08A954540054247B /* Build configuration list for PBXProject "TestsRunner" */ = {
			isa = XCConfigurationList;
			buildConfigurations = (
				C01FCF4F08A954540054247B /* Debug */,
				C01FCF5008A954540054247B /* Release */,
			);
			defaultConfigurationIsVisible = 0;
			defaultConfigurationName = Release;
		};
/* End XCConfigurationList section */
	};
	rootObject = 29B97313FDCFA39411CA2CEA /* Project object */;
}
