// !$*UTF8*$!
{
	archiveVersion = 1;
	classes = {
	};
	objectVersion = 46;
	objects = {

/* Begin PBXBuildFile section */
		3D7AD09410B084F500C1453A /* jslint-jscocoa.js in Resources */ = {isa = PBXBuildFile; fileRef = 3D7AD09310B084F500C1453A /* jslint-jscocoa.js */; };
		3D9D7F7A0EF81A0100D71763 /* BridgeSupportController.h in Headers */ = {isa = PBXBuildFile; fileRef = 3D9D7F700EF81A0100D71763 /* BridgeSupportController.h */; settings = {ATTRIBUTES = (Public, ); }; };
		3D9D7F7B0EF81A0100D71763 /* BridgeSupportController.m in Sources */ = {isa = PBXBuildFile; fileRef = 3D9D7F710EF81A0100D71763 /* BridgeSupportController.m */; };
		3D9D7F7C0EF81A0100D71763 /* JSCocoaController.h in Headers */ = {isa = PBXBuildFile; fileRef = 3D9D7F720EF81A0100D71763 /* JSCocoaController.h */; settings = {ATTRIBUTES = (Public, ); }; };
		3D9D7F7D0EF81A0100D71763 /* JSCocoaController.m in Sources */ = {isa = PBXBuildFile; fileRef = 3D9D7F730EF81A0100D71763 /* JSCocoaController.m */; };
		3D9D7F7E0EF81A0100D71763 /* JSCocoaFFIArgument.h in Headers */ = {isa = PBXBuildFile; fileRef = 3D9D7F740EF81A0100D71763 /* JSCocoaFFIArgument.h */; settings = {ATTRIBUTES = (Public, ); }; };
		3D9D7F7F0EF81A0100D71763 /* JSCocoaFFIArgument.m in Sources */ = {isa = PBXBuildFile; fileRef = 3D9D7F750EF81A0100D71763 /* JSCocoaFFIArgument.m */; };
		3D9D7F800EF81A0100D71763 /* JSCocoaFFIClosure.h in Headers */ = {isa = PBXBuildFile; fileRef = 3D9D7F760EF81A0100D71763 /* JSCocoaFFIClosure.h */; settings = {ATTRIBUTES = (Public, ); }; };
		3D9D7F810EF81A0100D71763 /* JSCocoaFFIClosure.m in Sources */ = {isa = PBXBuildFile; fileRef = 3D9D7F770EF81A0100D71763 /* JSCocoaFFIClosure.m */; };
		3D9D7F820EF81A0100D71763 /* JSCocoaPrivateObject.h in Headers */ = {isa = PBXBuildFile; fileRef = 3D9D7F780EF81A0100D71763 /* JSCocoaPrivateObject.h */; settings = {ATTRIBUTES = (Public, ); }; };
		3D9D7F830EF81A0100D71763 /* JSCocoaPrivateObject.m in Sources */ = {isa = PBXBuildFile; fileRef = 3D9D7F790EF81A0100D71763 /* JSCocoaPrivateObject.m */; };
		3D9D7F890EF81A0900D71763 /* class.js in Resources */ = {isa = PBXBuildFile; fileRef = 3D9D7F880EF81A0900D71763 /* class.js */; };
		3D9D7F8E0EF81A3100D71763 /* JavaScriptCore.framework in Frameworks */ = {isa = PBXBuildFile; fileRef = 3D9D7F8D0EF81A3100D71763 /* JavaScriptCore.framework */; };
		3D9D7FBC0EF81CC600D71763 /* JSCocoa.h in Headers */ = {isa = PBXBuildFile; fileRef = 3D9D7FBA0EF81CC600D71763 /* JSCocoa.h */; settings = {ATTRIBUTES = (Public, ); }; };
		3DC8AA5B0EFE08F700FC1F31 /* JSCocoaLib.h in Headers */ = {isa = PBXBuildFile; fileRef = 3DC8AA590EFE08F700FC1F31 /* JSCocoaLib.h */; };
		3DC8AA5C0EFE08F700FC1F31 /* JSCocoaLib.m in Sources */ = {isa = PBXBuildFile; fileRef = 3DC8AA5A0EFE08F700FC1F31 /* JSCocoaLib.m */; };
		8DC2EF530486A6940098B216 /* InfoPlist.strings in Resources */ = {isa = PBXBuildFile; fileRef = 089C1666FE841158C02AAC07 /* InfoPlist.strings */; };
		8DC2EF570486A6940098B216 /* Cocoa.framework in Frameworks */ = {isa = PBXBuildFile; fileRef = 1058C7B1FEA5585E11CA2CBB /* Cocoa.framework */; };
/* End PBXBuildFile section */

/* Begin PBXFileReference section */
		0867D69BFE84028FC02AAC07 /* Foundation.framework */ = {isa = PBXFileReference; lastKnownFileType = wrapper.framework; name = Foundation.framework; path = /System/Library/Frameworks/Foundation.framework; sourceTree = "<absolute>"; };
		0867D6A5FE840307C02AAC07 /* AppKit.framework */ = {isa = PBXFileReference; lastKnownFileType = wrapper.framework; name = AppKit.framework; path = /System/Library/Frameworks/AppKit.framework; sourceTree = "<absolute>"; };
		089C1667FE841158C02AAC07 /* English */ = {isa = PBXFileReference; fileEncoding = 10; lastKnownFileType = text.plist.strings; name = English; path = English.lproj/InfoPlist.strings; sourceTree = "<group>"; };
		1058C7B1FEA5585E11CA2CBB /* Cocoa.framework */ = {isa = PBXFileReference; lastKnownFileType = wrapper.framework; name = Cocoa.framework; path = /System/Library/Frameworks/Cocoa.framework; sourceTree = "<absolute>"; };
		32DBCF5E0370ADEE00C91783 /* JSCocoa_Prefix.pch */ = {isa = PBXFileReference; fileEncoding = 4; lastKnownFileType = sourcecode.c.h; path = JSCocoa_Prefix.pch; sourceTree = "<group>"; };
		3D7AD09310B084F500C1453A /* jslint-jscocoa.js */ = {isa = PBXFileReference; fileEncoding = 4; lastKnownFileType = sourcecode.javascript; path = "jslint-jscocoa.js"; sourceTree = "<group>"; };
		3D9D7F700EF81A0100D71763 /* BridgeSupportController.h */ = {isa = PBXFileReference; fileEncoding = 4; lastKnownFileType = sourcecode.c.h; path = BridgeSupportController.h; sourceTree = "<group>"; };
		3D9D7F710EF81A0100D71763 /* BridgeSupportController.m */ = {isa = PBXFileReference; fileEncoding = 4; lastKnownFileType = sourcecode.c.objc; path = BridgeSupportController.m; sourceTree = "<group>"; };
		3D9D7F720EF81A0100D71763 /* JSCocoaController.h */ = {isa = PBXFileReference; fileEncoding = 4; lastKnownFileType = sourcecode.c.h; path = JSCocoaController.h; sourceTree = "<group>"; };
		3D9D7F730EF81A0100D71763 /* JSCocoaController.m */ = {isa = PBXFileReference; fileEncoding = 4; lastKnownFileType = sourcecode.c.objc; path = JSCocoaController.m; sourceTree = "<group>"; };
		3D9D7F740EF81A0100D71763 /* JSCocoaFFIArgument.h */ = {isa = PBXFileReference; fileEncoding = 4; lastKnownFileType = sourcecode.c.h; path = JSCocoaFFIArgument.h; sourceTree = "<group>"; };
		3D9D7F750EF81A0100D71763 /* JSCocoaFFIArgument.m */ = {isa = PBXFileReference; fileEncoding = 4; lastKnownFileType = sourcecode.c.objc; path = JSCocoaFFIArgument.m; sourceTree = "<group>"; };
		3D9D7F760EF81A0100D71763 /* JSCocoaFFIClosure.h */ = {isa = PBXFileReference; fileEncoding = 4; lastKnownFileType = sourcecode.c.h; path = JSCocoaFFIClosure.h; sourceTree = "<group>"; };
		3D9D7F770EF81A0100D71763 /* JSCocoaFFIClosure.m */ = {isa = PBXFileReference; fileEncoding = 4; lastKnownFileType = sourcecode.c.objc; path = JSCocoaFFIClosure.m; sourceTree = "<group>"; };
		3D9D7F780EF81A0100D71763 /* JSCocoaPrivateObject.h */ = {isa = PBXFileReference; fileEncoding = 4; lastKnownFileType = sourcecode.c.h; path = JSCocoaPrivateObject.h; sourceTree = "<group>"; };
		3D9D7F790EF81A0100D71763 /* JSCocoaPrivateObject.m */ = {isa = PBXFileReference; fileEncoding = 4; lastKnownFileType = sourcecode.c.objc; path = JSCocoaPrivateObject.m; sourceTree = "<group>"; };
		3D9D7F880EF81A0900D71763 /* class.js */ = {isa = PBXFileReference; fileEncoding = 4; lastKnownFileType = sourcecode.javascript; path = class.js; sourceTree = "<group>"; };
		3D9D7F8D0EF81A3100D71763 /* JavaScriptCore.framework */ = {isa = PBXFileReference; lastKnownFileType = wrapper.framework; name = JavaScriptCore.framework; path = /System/Library/Frameworks/JavaScriptCore.framework; sourceTree = "<absolute>"; };
		3D9D7FBA0EF81CC600D71763 /* JSCocoa.h */ = {isa = PBXFileReference; fileEncoding = 4; lastKnownFileType = sourcecode.c.h; path = JSCocoa.h; sourceTree = "<group>"; };
		3DC8AA590EFE08F700FC1F31 /* JSCocoaLib.h */ = {isa = PBXFileReference; fileEncoding = 4; lastKnownFileType = sourcecode.c.h; path = JSCocoaLib.h; sourceTree = "<group>"; };
		3DC8AA5A0EFE08F700FC1F31 /* JSCocoaLib.m */ = {isa = PBXFileReference; fileEncoding = 4; lastKnownFileType = sourcecode.c.objc; path = JSCocoaLib.m; sourceTree = "<group>"; };
		8DC2EF5A0486A6940098B216 /* Info.plist */ = {isa = PBXFileReference; fileEncoding = 4; lastKnownFileType = text.plist.xml; path = Info.plist; sourceTree = "<group>"; };
		8DC2EF5B0486A6940098B216 /* JSCocoa.framework */ = {isa = PBXFileReference; explicitFileType = wrapper.framework; includeInIndex = 0; path = JSCocoa.framework; sourceTree = BUILT_PRODUCTS_DIR; };
		D2F7E79907B2D74100F64583 /* CoreData.framework */ = {isa = PBXFileReference; lastKnownFileType = wrapper.framework; name = CoreData.framework; path = /System/Library/Frameworks/CoreData.framework; sourceTree = "<absolute>"; };
/* End PBXFileReference section */

/* Begin PBXFrameworksBuildPhase section */
		8DC2EF560486A6940098B216 /* Frameworks */ = {
			isa = PBXFrameworksBuildPhase;
			buildActionMask = 2147483647;
			files = (
				8DC2EF570486A6940098B216 /* Cocoa.framework in Frameworks */,
				3D9D7F8E0EF81A3100D71763 /* JavaScriptCore.framework in Frameworks */,
			);
			runOnlyForDeploymentPostprocessing = 0;
		};
/* End PBXFrameworksBuildPhase section */

/* Begin PBXGroup section */
		034768DFFF38A50411DB9C8B /* Products */ = {
			isa = PBXGroup;
			children = (
				8DC2EF5B0486A6940098B216 /* JSCocoa.framework */,
			);
			name = Products;
			sourceTree = "<group>";
		};
		0867D691FE84028FC02AAC07 /* JSCocoa */ = {
			isa = PBXGroup;
			children = (
				3D9D7FBA0EF81CC600D71763 /* JSCocoa.h */,
				08FB77AEFE84172EC02AAC07 /* Classes */,
				32C88DFF0371C24200C91783 /* Other Sources */,
				089C1665FE841158C02AAC07 /* Resources */,
				0867D69AFE84028FC02AAC07 /* External Frameworks and Libraries */,
				034768DFFF38A50411DB9C8B /* Products */,
			);
			name = JSCocoa;
			sourceTree = "<group>";
		};
		0867D69AFE84028FC02AAC07 /* External Frameworks and Libraries */ = {
			isa = PBXGroup;
			children = (
				3D9D7F8D0EF81A3100D71763 /* JavaScriptCore.framework */,
				1058C7B0FEA5585E11CA2CBB /* Linked Frameworks */,
				1058C7B2FEA5585E11CA2CBB /* Other Frameworks */,
			);
			name = "External Frameworks and Libraries";
			sourceTree = "<group>";
		};
		089C1665FE841158C02AAC07 /* Resources */ = {
			isa = PBXGroup;
			children = (
				3D9D7F880EF81A0900D71763 /* class.js */,
				3D7AD09310B084F500C1453A /* jslint-jscocoa.js */,
				8DC2EF5A0486A6940098B216 /* Info.plist */,
				089C1666FE841158C02AAC07 /* InfoPlist.strings */,
			);
			name = Resources;
			sourceTree = "<group>";
		};
		08FB77AEFE84172EC02AAC07 /* Classes */ = {
			isa = PBXGroup;
			children = (
				3D9D7F710EF81A0100D71763 /* BridgeSupportController.m */,
				3D9D7F700EF81A0100D71763 /* BridgeSupportController.h */,
				3D9D7F730EF81A0100D71763 /* JSCocoaController.m */,
				3D9D7F720EF81A0100D71763 /* JSCocoaController.h */,
				3D9D7F750EF81A0100D71763 /* JSCocoaFFIArgument.m */,
				3D9D7F740EF81A0100D71763 /* JSCocoaFFIArgument.h */,
				3D9D7F770EF81A0100D71763 /* JSCocoaFFIClosure.m */,
				3D9D7F760EF81A0100D71763 /* JSCocoaFFIClosure.h */,
				3D9D7F790EF81A0100D71763 /* JSCocoaPrivateObject.m */,
				3D9D7F780EF81A0100D71763 /* JSCocoaPrivateObject.h */,
				3DC8AA5A0EFE08F700FC1F31 /* JSCocoaLib.m */,
				3DC8AA590EFE08F700FC1F31 /* JSCocoaLib.h */,
			);
			name = Classes;
			sourceTree = "<group>";
		};
		1058C7B0FEA5585E11CA2CBB /* Linked Frameworks */ = {
			isa = PBXGroup;
			children = (
				1058C7B1FEA5585E11CA2CBB /* Cocoa.framework */,
			);
			name = "Linked Frameworks";
			sourceTree = "<group>";
		};
		1058C7B2FEA5585E11CA2CBB /* Other Frameworks */ = {
			isa = PBXGroup;
			children = (
				0867D6A5FE840307C02AAC07 /* AppKit.framework */,
				D2F7E79907B2D74100F64583 /* CoreData.framework */,
				0867D69BFE84028FC02AAC07 /* Foundation.framework */,
			);
			name = "Other Frameworks";
			sourceTree = "<group>";
		};
		32C88DFF0371C24200C91783 /* Other Sources */ = {
			isa = PBXGroup;
			children = (
				32DBCF5E0370ADEE00C91783 /* JSCocoa_Prefix.pch */,
			);
			name = "Other Sources";
			sourceTree = "<group>";
		};
/* End PBXGroup section */

/* Begin PBXHeadersBuildPhase section */
		8DC2EF500486A6940098B216 /* Headers */ = {
			isa = PBXHeadersBuildPhase;
			buildActionMask = 2147483647;
			files = (
				3D9D7F7A0EF81A0100D71763 /* BridgeSupportController.h in Headers */,
				3D9D7F7C0EF81A0100D71763 /* JSCocoaController.h in Headers */,
				3D9D7F7E0EF81A0100D71763 /* JSCocoaFFIArgument.h in Headers */,
				3D9D7F800EF81A0100D71763 /* JSCocoaFFIClosure.h in Headers */,
				3D9D7F820EF81A0100D71763 /* JSCocoaPrivateObject.h in Headers */,
				3D9D7FBC0EF81CC600D71763 /* JSCocoa.h in Headers */,
				3DC8AA5B0EFE08F700FC1F31 /* JSCocoaLib.h in Headers */,
			);
			runOnlyForDeploymentPostprocessing = 0;
		};
/* End PBXHeadersBuildPhase section */

/* Begin PBXNativeTarget section */
		8DC2EF4F0486A6940098B216 /* JSCocoa */ = {
			isa = PBXNativeTarget;
			buildConfigurationList = 1DEB91AD08733DA50010E9CD /* Build configuration list for PBXNativeTarget "JSCocoa" */;
			buildPhases = (
				8DC2EF500486A6940098B216 /* Headers */,
				8DC2EF520486A6940098B216 /* Resources */,
				8DC2EF540486A6940098B216 /* Sources */,
				8DC2EF560486A6940098B216 /* Frameworks */,
				3D9D81610EF8A80600D71763 /* Copy to Library Frameworks (commented) */,
			);
			buildRules = (
			);
			dependencies = (
			);
			name = JSCocoa;
			productInstallPath = "$(HOME)/Library/Frameworks";
			productName = JSCocoa;
			productReference = 8DC2EF5B0486A6940098B216 /* JSCocoa.framework */;
			productType = "com.apple.product-type.framework";
		};
/* End PBXNativeTarget section */

/* Begin PBXProject section */
		0867D690FE84028FC02AAC07 /* Project object */ = {
			isa = PBXProject;
			attributes = {
				LastUpgradeCheck = 0420;
			};
			buildConfigurationList = 1DEB91B108733DA50010E9CD /* Build configuration list for PBXProject "JSCocoa" */;
			compatibilityVersion = "Xcode 3.2";
			developmentRegion = English;
			hasScannedForEncodings = 1;
			knownRegions = (
				en,
			);
			mainGroup = 0867D691FE84028FC02AAC07 /* JSCocoa */;
			productRefGroup = 034768DFFF38A50411DB9C8B /* Products */;
			projectDirPath = "";
			projectRoot = "";
			targets = (
				8DC2EF4F0486A6940098B216 /* JSCocoa */,
			);
		};
/* End PBXProject section */

/* Begin PBXResourcesBuildPhase section */
		8DC2EF520486A6940098B216 /* Resources */ = {
			isa = PBXResourcesBuildPhase;
			buildActionMask = 2147483647;
			files = (
				3D9D7F890EF81A0900D71763 /* class.js in Resources */,
				3D7AD09410B084F500C1453A /* jslint-jscocoa.js in Resources */,
				8DC2EF530486A6940098B216 /* InfoPlist.strings in Resources */,
			);
			runOnlyForDeploymentPostprocessing = 0;
		};
/* End PBXResourcesBuildPhase section */

/* Begin PBXShellScriptBuildPhase section */
		3D9D81610EF8A80600D71763 /* Copy to Library Frameworks (commented) */ = {
			isa = PBXShellScriptBuildPhase;
			buildActionMask = 2147483647;
			files = (
			);
			inputPaths = (
			);
			name = "Copy to Library Frameworks (commented)";
			outputPaths = (
			);
			runOnlyForDeploymentPostprocessing = 0;
			shellPath = /bin/sh;
			shellScript = "#if [ -d \"/Library/Frameworks/JSCocoa.framework\" ]; then\n#  rm -R \"/Library/Frameworks/JSCocoa.framework\"\n#fi\n#cp -R \"${TARGET_BUILD_DIR}/JSCocoa.framework\" \"/Library/Frameworks\"\n\n\n";
		};
/* End PBXShellScriptBuildPhase section */

/* Begin PBXSourcesBuildPhase section */
		8DC2EF540486A6940098B216 /* Sources */ = {
			isa = PBXSourcesBuildPhase;
			buildActionMask = 2147483647;
			files = (
				3D9D7F7B0EF81A0100D71763 /* BridgeSupportController.m in Sources */,
				3D9D7F7D0EF81A0100D71763 /* JSCocoaController.m in Sources */,
				3D9D7F7F0EF81A0100D71763 /* JSCocoaFFIArgument.m in Sources */,
				3D9D7F810EF81A0100D71763 /* JSCocoaFFIClosure.m in Sources */,
				3D9D7F830EF81A0100D71763 /* JSCocoaPrivateObject.m in Sources */,
				3DC8AA5C0EFE08F700FC1F31 /* JSCocoaLib.m in Sources */,
			);
			runOnlyForDeploymentPostprocessing = 0;
		};
/* End PBXSourcesBuildPhase section */

/* Begin PBXVariantGroup section */
		089C1666FE841158C02AAC07 /* InfoPlist.strings */ = {
			isa = PBXVariantGroup;
			children = (
				089C1667FE841158C02AAC07 /* English */,
			);
			name = InfoPlist.strings;
			sourceTree = "<group>";
		};
/* End PBXVariantGroup section */

/* Begin XCBuildConfiguration section */
		1DEB91AE08733DA50010E9CD /* Debug */ = {
			isa = XCBuildConfiguration;
			buildSettings = {
				ALWAYS_SEARCH_USER_PATHS = NO;
				COPY_PHASE_STRIP = NO;
				DYLIB_COMPATIBILITY_VERSION = 1;
				DYLIB_CURRENT_VERSION = 1;
				FRAMEWORK_VERSION = A;
				GCC_DYNAMIC_NO_PIC = NO;
				GCC_MODEL_TUNING = G5;
				GCC_OPTIMIZATION_LEVEL = 0;
				GCC_PRECOMPILE_PREFIX_HEADER = YES;
				GCC_PREFIX_HEADER = JSCocoa_Prefix.pch;
				INFOPLIST_FILE = Info.plist;
				INSTALL_PATH = "$(HOME)/Library/Frameworks";
				PRODUCT_NAME = JSCocoa;
				WRAPPER_EXTENSION = framework;
			};
			name = Debug;
		};
		1DEB91AF08733DA50010E9CD /* Release */ = {
			isa = XCBuildConfiguration;
			buildSettings = {
				ALWAYS_SEARCH_USER_PATHS = NO;
				DEBUG_INFORMATION_FORMAT = "dwarf-with-dsym";
				DYLIB_COMPATIBILITY_VERSION = 1;
				DYLIB_CURRENT_VERSION = 1;
				FRAMEWORK_VERSION = A;
				GCC_MODEL_TUNING = G5;
				GCC_PRECOMPILE_PREFIX_HEADER = YES;
				GCC_PREFIX_HEADER = JSCocoa_Prefix.pch;
				INFOPLIST_FILE = Info.plist;
				INSTALL_PATH = "$(HOME)/Library/Frameworks";
				PRODUCT_NAME = JSCocoa;
				WRAPPER_EXTENSION = framework;
			};
			name = Release;
		};
		1DEB91B208733DA50010E9CD /* Debug */ = {
			isa = XCBuildConfiguration;
			buildSettings = {
				ARCHS = "$(ARCHS_STANDARD_32_BIT)";
				GCC_C_LANGUAGE_STANDARD = c99;
				GCC_ENABLE_OBJC_GC = supported;
				GCC_OPTIMIZATION_LEVEL = 0;
				GCC_WARN_ABOUT_RETURN_TYPE = YES;
				GCC_WARN_UNUSED_VARIABLE = YES;
				INSTALL_PATH = "@loader_path/../Frameworks";
				MACOSX_DEPLOYMENT_TARGET = 10.6;
				ONLY_ACTIVE_ARCH = YES;
				OTHER_LDFLAGS = "-lffi";
				SDKROOT = macosx;
			};
			name = Debug;
		};
		1DEB91B308733DA50010E9CD /* Release */ = {
			isa = XCBuildConfiguration;
			buildSettings = {
				ARCHS = "$(ARCHS_STANDARD_32_BIT)";
				GCC_C_LANGUAGE_STANDARD = c99;
				GCC_ENABLE_OBJC_GC = supported;
				GCC_WARN_ABOUT_RETURN_TYPE = YES;
				GCC_WARN_UNUSED_VARIABLE = YES;
				INSTALL_PATH = "@loader_path/../Frameworks";
				MACOSX_DEPLOYMENT_TARGET = 10.6;
				OTHER_LDFLAGS = "-lffi";
				SDKROOT = macosx;
			};
			name = Release;
		};
/* End XCBuildConfiguration section */

/* Begin XCConfigurationList section */
		1DEB91AD08733DA50010E9CD /* Build configuration list for PBXNativeTarget "JSCocoa" */ = {
			isa = XCConfigurationList;
			buildConfigurations = (
				1DEB91AE08733DA50010E9CD /* Debug */,
				1DEB91AF08733DA50010E9CD /* Release */,
			);
			defaultConfigurationIsVisible = 0;
			defaultConfigurationName = Release;
		};
		1DEB91B108733DA50010E9CD /* Build configuration list for PBXProject "JSCocoa" */ = {
			isa = XCConfigurationList;
			buildConfigurations = (
				1DEB91B208733DA50010E9CD /* Debug */,
				1DEB91B308733DA50010E9CD /* Release */,
			);
			defaultConfigurationIsVisible = 0;
			defaultConfigurationName = Release;
		};
/* End XCConfigurationList section */
	};
	rootObject = 0867D690FE84028FC02AAC07 /* Project object */;
}
