// !$*UTF8*$!
{
	archiveVersion = 1;
	classes = {
	};
	objectVersion = 45;
	objects = {

/* Begin PBXBuildFile section */
		1D60589B0D05DD56006BFB54 /* main.m in Sources */ = {isa = PBXBuildFile; fileRef = 29B97316FDCFA39411CA2CEA /* main.m */; };
		1D60589F0D05DD5A006BFB54 /* Foundation.framework in Frameworks */ = {isa = PBXBuildFile; fileRef = 1D30AB110D05D00D00671497 /* Foundation.framework */; };
		1DF5F4E00D08C38300B7A737 /* UIKit.framework in Frameworks */ = {isa = PBXBuildFile; fileRef = 1DF5F4DF0D08C38300B7A737 /* UIKit.framework */; };
		288765A50DF7441C002DB57D /* CoreGraphics.framework in Frameworks */ = {isa = PBXBuildFile; fileRef = 288765A40DF7441C002DB57D /* CoreGraphics.framework */; };
		2899E5220DE3E06400AC0155 /* iPhoneTest2ViewController.xib in Resources */ = {isa = PBXBuildFile; fileRef = 2899E5210DE3E06400AC0155 /* iPhoneTest2ViewController.xib */; };
		28AD733F0D9D9553002E5188 /* MainWindow.xib in Resources */ = {isa = PBXBuildFile; fileRef = 28AD733E0D9D9553002E5188 /* MainWindow.xib */; };
		3D7A7E270EA2216D009DE07C /* iPhone.bridgesupport in Resources */ = {isa = PBXBuildFile; fileRef = 3D7A7E260EA2216D009DE07C /* iPhone.bridgesupport */; };
		3D7A818F0EA238D3009DE07C /* hiPointCount.png in Resources */ = {isa = PBXBuildFile; fileRef = 3D7A818D0EA238D3009DE07C /* hiPointCount.png */; };
		3D7A81900EA238D3009DE07C /* lowPointCount.png in Resources */ = {isa = PBXBuildFile; fileRef = 3D7A818E0EA238D3009DE07C /* lowPointCount.png */; };
		3D8562780F17C1C00039906A /* acinclude.m4 in Resources */ = {isa = PBXBuildFile; fileRef = 3D8562150F17C1C00039906A /* acinclude.m4 */; };
		3D8562790F17C1C00039906A /* aclocal.m4 in Resources */ = {isa = PBXBuildFile; fileRef = 3D8562160F17C1C00039906A /* aclocal.m4 */; };
		3D8562800F17C1C00039906A /* fficonfig.h.in in Resources */ = {isa = PBXBuildFile; fileRef = 3D85621D0F17C1C00039906A /* fficonfig.h.in */; };
		3D8562810F17C1C00039906A /* ffi.h.in in Resources */ = {isa = PBXBuildFile; fileRef = 3D85621F0F17C1C00039906A /* ffi.h.in */; };
		3D8562820F17C1C00039906A /* Makefile.am in Resources */ = {isa = PBXBuildFile; fileRef = 3D8562210F17C1C00039906A /* Makefile.am */; };
		3D8562830F17C1C00039906A /* Makefile.in in Resources */ = {isa = PBXBuildFile; fileRef = 3D8562220F17C1C00039906A /* Makefile.in */; };
		3D8562880F17C1C00039906A /* README in Resources */ = {isa = PBXBuildFile; fileRef = 3D8562270F17C1C00039906A /* README */; };
		3D8562890F17C1C00039906A /* ffi.c in Sources */ = {isa = PBXBuildFile; fileRef = 3D85622A0F17C1C00039906A /* ffi.c */; };
		3D85628A0F17C1C00039906A /* osf.S in Sources */ = {isa = PBXBuildFile; fileRef = 3D85622C0F17C1C00039906A /* osf.S */; };
		3D85628B0F17C1C00039906A /* ffi.c in Sources */ = {isa = PBXBuildFile; fileRef = 3D85622E0F17C1C00039906A /* ffi.c */; };
		3D85628C0F17C1C00039906A /* sysv.S in Sources */ = {isa = PBXBuildFile; fileRef = 3D8562300F17C1C00039906A /* sysv.S */; };
		3D85628D0F17C1C00039906A /* debug.c in Sources */ = {isa = PBXBuildFile; fileRef = 3D8562310F17C1C00039906A /* debug.c */; };
		3D85628E0F17C1C00039906A /* ffitest.c in Sources */ = {isa = PBXBuildFile; fileRef = 3D8562320F17C1C00039906A /* ffitest.c */; };
		3D85628F0F17C1C00039906A /* eabi.S in Sources */ = {isa = PBXBuildFile; fileRef = 3D8562340F17C1C00039906A /* eabi.S */; };
		3D8562900F17C1C00039906A /* ffi.c in Sources */ = {isa = PBXBuildFile; fileRef = 3D8562350F17C1C00039906A /* ffi.c */; };
		3D8562910F17C1C00039906A /* ffi.c in Sources */ = {isa = PBXBuildFile; fileRef = 3D8562380F17C1C00039906A /* ffi.c */; };
		3D8562920F17C1C00039906A /* unix.S in Sources */ = {isa = PBXBuildFile; fileRef = 3D85623B0F17C1C00039906A /* unix.S */; };
		3D8562930F17C1C00039906A /* java_raw_api.c in Sources */ = {isa = PBXBuildFile; fileRef = 3D85623C0F17C1C00039906A /* java_raw_api.c */; };
		3D8562940F17C1C00039906A /* ffi.c in Sources */ = {isa = PBXBuildFile; fileRef = 3D85623E0F17C1C00039906A /* ffi.c */; };
		3D8562950F17C1C00039906A /* sysv.S in Sources */ = {isa = PBXBuildFile; fileRef = 3D8562400F17C1C00039906A /* sysv.S */; };
		3D8562960F17C1C00039906A /* ffi.c in Sources */ = {isa = PBXBuildFile; fileRef = 3D8562420F17C1C00039906A /* ffi.c */; };
		3D8562970F17C1C00039906A /* sysv.S in Sources */ = {isa = PBXBuildFile; fileRef = 3D8562440F17C1C00039906A /* sysv.S */; };
		3D8562980F17C1C00039906A /* ffi.c in Sources */ = {isa = PBXBuildFile; fileRef = 3D8562460F17C1C00039906A /* ffi.c */; };
		3D8562990F17C1C00039906A /* n32.S in Sources */ = {isa = PBXBuildFile; fileRef = 3D8562480F17C1C00039906A /* n32.S */; };
		3D85629A0F17C1C00039906A /* o32.S in Sources */ = {isa = PBXBuildFile; fileRef = 3D8562490F17C1C00039906A /* o32.S */; };
		3D85629B0F17C1C00039906A /* ffi.c in Sources */ = {isa = PBXBuildFile; fileRef = 3D85624B0F17C1C00039906A /* ffi.c */; };
		3D85629C0F17C1C00039906A /* linux.S in Sources */ = {isa = PBXBuildFile; fileRef = 3D85624D0F17C1C00039906A /* linux.S */; };
		3D85629D0F17C1C00039906A /* aix.S in Sources */ = {isa = PBXBuildFile; fileRef = 3D85624F0F17C1C00039906A /* aix.S */; };
		3D85629E0F17C1C00039906A /* aix_closure.S in Sources */ = {isa = PBXBuildFile; fileRef = 3D8562500F17C1C00039906A /* aix_closure.S */; };
		3D85629F0F17C1C00039906A /* darwin.S in Sources */ = {isa = PBXBuildFile; fileRef = 3D8562520F17C1C00039906A /* darwin.S */; };
		3D8562A00F17C1C00039906A /* darwin_closure.S in Sources */ = {isa = PBXBuildFile; fileRef = 3D8562530F17C1C00039906A /* darwin_closure.S */; };
		3D8562A10F17C1C00039906A /* ffi.c in Sources */ = {isa = PBXBuildFile; fileRef = 3D8562540F17C1C00039906A /* ffi.c */; };
		3D8562A20F17C1C00039906A /* ffi_darwin.c in Sources */ = {isa = PBXBuildFile; fileRef = 3D8562550F17C1C00039906A /* ffi_darwin.c */; };
		3D8562A30F17C1C00039906A /* linux64.S in Sources */ = {isa = PBXBuildFile; fileRef = 3D8562570F17C1C00039906A /* linux64.S */; };
		3D8562A40F17C1C00039906A /* linux64_closure.S in Sources */ = {isa = PBXBuildFile; fileRef = 3D8562580F17C1C00039906A /* linux64_closure.S */; };
		3D8562A50F17C1C00039906A /* ppc_closure.S in Sources */ = {isa = PBXBuildFile; fileRef = 3D8562590F17C1C00039906A /* ppc_closure.S */; };
		3D8562A60F17C1C00039906A /* sysv.S in Sources */ = {isa = PBXBuildFile; fileRef = 3D85625A0F17C1C00039906A /* sysv.S */; };
		3D8562A70F17C1C00039906A /* prep_cif.c in Sources */ = {isa = PBXBuildFile; fileRef = 3D85625B0F17C1C00039906A /* prep_cif.c */; };
		3D8562A80F17C1C00039906A /* raw_api.c in Sources */ = {isa = PBXBuildFile; fileRef = 3D85625C0F17C1C00039906A /* raw_api.c */; };
		3D8562A90F17C1C00039906A /* ffi.c in Sources */ = {isa = PBXBuildFile; fileRef = 3D85625E0F17C1C00039906A /* ffi.c */; };
		3D8562AA0F17C1C00039906A /* sysv.S in Sources */ = {isa = PBXBuildFile; fileRef = 3D8562600F17C1C00039906A /* sysv.S */; };
		3D8562AB0F17C1C00039906A /* ffi.c in Sources */ = {isa = PBXBuildFile; fileRef = 3D8562620F17C1C00039906A /* ffi.c */; };
		3D8562AC0F17C1C00039906A /* sysv.S in Sources */ = {isa = PBXBuildFile; fileRef = 3D8562640F17C1C00039906A /* sysv.S */; };
		3D8562AD0F17C1C00039906A /* ffi.c in Sources */ = {isa = PBXBuildFile; fileRef = 3D8562660F17C1C00039906A /* ffi.c */; };
		3D8562AE0F17C1C00039906A /* sysv.S in Sources */ = {isa = PBXBuildFile; fileRef = 3D8562680F17C1C00039906A /* sysv.S */; };
		3D8562AF0F17C1C00039906A /* ffi.c in Sources */ = {isa = PBXBuildFile; fileRef = 3D85626A0F17C1C00039906A /* ffi.c */; };
		3D8562B00F17C1C00039906A /* v8.S in Sources */ = {isa = PBXBuildFile; fileRef = 3D85626C0F17C1C00039906A /* v8.S */; };
		3D8562B10F17C1C00039906A /* v9.S in Sources */ = {isa = PBXBuildFile; fileRef = 3D85626D0F17C1C00039906A /* v9.S */; };
		3D8562B20F17C1C00039906A /* types.c in Sources */ = {isa = PBXBuildFile; fileRef = 3D85626E0F17C1C00039906A /* types.c */; };
		3D8562B30F17C1C00039906A /* ffi.c in Sources */ = {isa = PBXBuildFile; fileRef = 3D8562700F17C1C00039906A /* ffi.c */; };
		3D8562B40F17C1C00039906A /* ffi64.c in Sources */ = {isa = PBXBuildFile; fileRef = 3D8562710F17C1C00039906A /* ffi64.c */; };
		3D8562B50F17C1C00039906A /* sysv.S in Sources */ = {isa = PBXBuildFile; fileRef = 3D8562730F17C1C00039906A /* sysv.S */; };
		3D8562B60F17C1C00039906A /* unix64.S in Sources */ = {isa = PBXBuildFile; fileRef = 3D8562740F17C1C00039906A /* unix64.S */; };
		3D8562B70F17C1C00039906A /* win32.S in Sources */ = {isa = PBXBuildFile; fileRef = 3D8562750F17C1C00039906A /* win32.S */; };
		3D8562B80F17C1C00039906A /* stamp-h.in in Resources */ = {isa = PBXBuildFile; fileRef = 3D8562760F17C1C00039906A /* stamp-h.in */; };
		3D9BA7DB0EB10DC9005F9A76 /* class.js in Resources */ = {isa = PBXBuildFile; fileRef = 3D9BA7DA0EB10DC9005F9A76 /* class.js */; };
		3DA390150EA7523300CB6F74 /* JSCocoaController.m in Sources */ = {isa = PBXBuildFile; fileRef = 3DA3900B0EA7523300CB6F74 /* JSCocoaController.m */; };
		3DA390160EA7523300CB6F74 /* JSCocoaPrivateObject.m in Sources */ = {isa = PBXBuildFile; fileRef = 3DA3900D0EA7523300CB6F74 /* JSCocoaPrivateObject.m */; };
		3DA390170EA7523300CB6F74 /* JSCocoaFFIArgument.m in Sources */ = {isa = PBXBuildFile; fileRef = 3DA3900F0EA7523300CB6F74 /* JSCocoaFFIArgument.m */; };
		3DA390180EA7523300CB6F74 /* JSCocoaFFIClosure.m in Sources */ = {isa = PBXBuildFile; fileRef = 3DA390110EA7523300CB6F74 /* JSCocoaFFIClosure.m */; };
		3DA390190EA7523300CB6F74 /* BridgeSupportController.m in Sources */ = {isa = PBXBuildFile; fileRef = 3DA390130EA7523300CB6F74 /* BridgeSupportController.m */; };
		3DB582150EA17CAC00EB80D9 /* JavascriptCore-dlsym.m in Sources */ = {isa = PBXBuildFile; fileRef = 3DB5820C0EA17CAC00EB80D9 /* JavascriptCore-dlsym.m */; };
		3DB582770EA1814000EB80D9 /* iPhoneMain.js in Resources */ = {isa = PBXBuildFile; fileRef = 3DB582760EA1814000EB80D9 /* iPhoneMain.js */; };
/* End PBXBuildFile section */

/* Begin PBXFileReference section */
		1D30AB110D05D00D00671497 /* Foundation.framework */ = {isa = PBXFileReference; lastKnownFileType = wrapper.framework; name = Foundation.framework; path = System/Library/Frameworks/Foundation.framework; sourceTree = SDKROOT; };
		1D6058910D05DD3D006BFB54 /* iPhoneTest2.app */ = {isa = PBXFileReference; explicitFileType = wrapper.application; includeInIndex = 0; path = iPhoneTest2.app; sourceTree = BUILT_PRODUCTS_DIR; };
		1DF5F4DF0D08C38300B7A737 /* UIKit.framework */ = {isa = PBXFileReference; lastKnownFileType = wrapper.framework; name = UIKit.framework; path = System/Library/Frameworks/UIKit.framework; sourceTree = SDKROOT; };
		288765A40DF7441C002DB57D /* CoreGraphics.framework */ = {isa = PBXFileReference; lastKnownFileType = wrapper.framework; name = CoreGraphics.framework; path = System/Library/Frameworks/CoreGraphics.framework; sourceTree = SDKROOT; };
		2899E5210DE3E06400AC0155 /* iPhoneTest2ViewController.xib */ = {isa = PBXFileReference; lastKnownFileType = file.xib; path = iPhoneTest2ViewController.xib; sourceTree = "<group>"; };
		28AD733E0D9D9553002E5188 /* MainWindow.xib */ = {isa = PBXFileReference; lastKnownFileType = file.xib; path = MainWindow.xib; sourceTree = "<group>"; };
		29B97316FDCFA39411CA2CEA /* main.m */ = {isa = PBXFileReference; fileEncoding = 4; lastKnownFileType = sourcecode.c.objc; path = main.m; sourceTree = "<group>"; };
		32CA4F630368D1EE00C91783 /* iPhoneTest2_Prefix.pch */ = {isa = PBXFileReference; fileEncoding = 4; lastKnownFileType = sourcecode.c.h; path = iPhoneTest2_Prefix.pch; sourceTree = "<group>"; };
		3D7A7E260EA2216D009DE07C /* iPhone.bridgesupport */ = {isa = PBXFileReference; fileEncoding = 4; lastKnownFileType = text.xml; path = iPhone.bridgesupport; sourceTree = "<group>"; };
		3D7A818D0EA238D3009DE07C /* hiPointCount.png */ = {isa = PBXFileReference; lastKnownFileType = image.png; path = hiPointCount.png; sourceTree = "<group>"; };
		3D7A818E0EA238D3009DE07C /* lowPointCount.png */ = {isa = PBXFileReference; lastKnownFileType = image.png; path = lowPointCount.png; sourceTree = "<group>"; };
		3D8562150F17C1C00039906A /* acinclude.m4 */ = {isa = PBXFileReference; fileEncoding = 4; lastKnownFileType = text; path = acinclude.m4; sourceTree = "<group>"; };
		3D8562160F17C1C00039906A /* aclocal.m4 */ = {isa = PBXFileReference; fileEncoding = 4; lastKnownFileType = text; path = aclocal.m4; sourceTree = "<group>"; };
		3D85621D0F17C1C00039906A /* fficonfig.h.in */ = {isa = PBXFileReference; fileEncoding = 4; lastKnownFileType = text; path = fficonfig.h.in; sourceTree = "<group>"; };
		3D85621F0F17C1C00039906A /* ffi.h.in */ = {isa = PBXFileReference; fileEncoding = 4; lastKnownFileType = text; path = ffi.h.in; sourceTree = "<group>"; };
		3D8562200F17C1C00039906A /* ffi_common.h */ = {isa = PBXFileReference; fileEncoding = 4; lastKnownFileType = sourcecode.c.h; path = ffi_common.h; sourceTree = "<group>"; };
		3D8562210F17C1C00039906A /* Makefile.am */ = {isa = PBXFileReference; fileEncoding = 4; lastKnownFileType = text; path = Makefile.am; sourceTree = "<group>"; };
		3D8562220F17C1C00039906A /* Makefile.in */ = {isa = PBXFileReference; fileEncoding = 4; lastKnownFileType = text; path = Makefile.in; sourceTree = "<group>"; };
		3D8562270F17C1C00039906A /* README */ = {isa = PBXFileReference; fileEncoding = 4; lastKnownFileType = text; path = README; sourceTree = "<group>"; };
		3D85622A0F17C1C00039906A /* ffi.c */ = {isa = PBXFileReference; fileEncoding = 4; lastKnownFileType = sourcecode.c.c; path = ffi.c; sourceTree = "<group>"; };
		3D85622B0F17C1C00039906A /* ffitarget.h */ = {isa = PBXFileReference; fileEncoding = 4; lastKnownFileType = sourcecode.c.h; path = ffitarget.h; sourceTree = "<group>"; };
		3D85622C0F17C1C00039906A /* osf.S */ = {isa = PBXFileReference; fileEncoding = 4; lastKnownFileType = sourcecode.asm; path = osf.S; sourceTree = "<group>"; };
		3D85622E0F17C1C00039906A /* ffi.c */ = {isa = PBXFileReference; fileEncoding = 4; lastKnownFileType = sourcecode.c.c; path = ffi.c; sourceTree = "<group>"; };
		3D85622F0F17C1C00039906A /* ffitarget.h */ = {isa = PBXFileReference; fileEncoding = 4; lastKnownFileType = sourcecode.c.h; path = ffitarget.h; sourceTree = "<group>"; };
		3D8562300F17C1C00039906A /* sysv.S */ = {isa = PBXFileReference; fileEncoding = 4; lastKnownFileType = sourcecode.asm; path = sysv.S; sourceTree = "<group>"; };
		3D8562310F17C1C00039906A /* debug.c */ = {isa = PBXFileReference; fileEncoding = 4; lastKnownFileType = sourcecode.c.c; path = debug.c; sourceTree = "<group>"; };
		3D8562320F17C1C00039906A /* ffitest.c */ = {isa = PBXFileReference; fileEncoding = 4; lastKnownFileType = sourcecode.c.c; path = ffitest.c; sourceTree = "<group>"; };
		3D8562340F17C1C00039906A /* eabi.S */ = {isa = PBXFileReference; fileEncoding = 4; lastKnownFileType = sourcecode.asm; path = eabi.S; sourceTree = "<group>"; };
		3D8562350F17C1C00039906A /* ffi.c */ = {isa = PBXFileReference; fileEncoding = 4; lastKnownFileType = sourcecode.c.c; path = ffi.c; sourceTree = "<group>"; };
		3D8562360F17C1C00039906A /* ffitarget.h */ = {isa = PBXFileReference; fileEncoding = 4; lastKnownFileType = sourcecode.c.h; path = ffitarget.h; sourceTree = "<group>"; };
		3D8562380F17C1C00039906A /* ffi.c */ = {isa = PBXFileReference; fileEncoding = 4; lastKnownFileType = sourcecode.c.c; path = ffi.c; sourceTree = "<group>"; };
		3D8562390F17C1C00039906A /* ffitarget.h */ = {isa = PBXFileReference; fileEncoding = 4; lastKnownFileType = sourcecode.c.h; path = ffitarget.h; sourceTree = "<group>"; };
		3D85623A0F17C1C00039906A /* ia64_flags.h */ = {isa = PBXFileReference; fileEncoding = 4; lastKnownFileType = sourcecode.c.h; path = ia64_flags.h; sourceTree = "<group>"; };
		3D85623B0F17C1C00039906A /* unix.S */ = {isa = PBXFileReference; fileEncoding = 4; lastKnownFileType = sourcecode.asm; path = unix.S; sourceTree = "<group>"; };
		3D85623C0F17C1C00039906A /* java_raw_api.c */ = {isa = PBXFileReference; fileEncoding = 4; lastKnownFileType = sourcecode.c.c; path = java_raw_api.c; sourceTree = "<group>"; };
		3D85623E0F17C1C00039906A /* ffi.c */ = {isa = PBXFileReference; fileEncoding = 4; lastKnownFileType = sourcecode.c.c; path = ffi.c; sourceTree = "<group>"; };
		3D85623F0F17C1C00039906A /* ffitarget.h */ = {isa = PBXFileReference; fileEncoding = 4; lastKnownFileType = sourcecode.c.h; path = ffitarget.h; sourceTree = "<group>"; };
		3D8562400F17C1C00039906A /* sysv.S */ = {isa = PBXFileReference; fileEncoding = 4; lastKnownFileType = sourcecode.asm; path = sysv.S; sourceTree = "<group>"; };
		3D8562420F17C1C00039906A /* ffi.c */ = {isa = PBXFileReference; fileEncoding = 4; lastKnownFileType = sourcecode.c.c; path = ffi.c; sourceTree = "<group>"; };
		3D8562430F17C1C00039906A /* ffitarget.h */ = {isa = PBXFileReference; fileEncoding = 4; lastKnownFileType = sourcecode.c.h; path = ffitarget.h; sourceTree = "<group>"; };
		3D8562440F17C1C00039906A /* sysv.S */ = {isa = PBXFileReference; fileEncoding = 4; lastKnownFileType = sourcecode.asm; path = sysv.S; sourceTree = "<group>"; };
		3D8562460F17C1C00039906A /* ffi.c */ = {isa = PBXFileReference; fileEncoding = 4; lastKnownFileType = sourcecode.c.c; path = ffi.c; sourceTree = "<group>"; };
		3D8562470F17C1C00039906A /* ffitarget.h */ = {isa = PBXFileReference; fileEncoding = 4; lastKnownFileType = sourcecode.c.h; path = ffitarget.h; sourceTree = "<group>"; };
		3D8562480F17C1C00039906A /* n32.S */ = {isa = PBXFileReference; fileEncoding = 4; lastKnownFileType = sourcecode.asm; path = n32.S; sourceTree = "<group>"; };
		3D8562490F17C1C00039906A /* o32.S */ = {isa = PBXFileReference; fileEncoding = 4; lastKnownFileType = sourcecode.asm; path = o32.S; sourceTree = "<group>"; };
		3D85624B0F17C1C00039906A /* ffi.c */ = {isa = PBXFileReference; fileEncoding = 4; lastKnownFileType = sourcecode.c.c; path = ffi.c; sourceTree = "<group>"; };
		3D85624C0F17C1C00039906A /* ffitarget.h */ = {isa = PBXFileReference; fileEncoding = 4; lastKnownFileType = sourcecode.c.h; path = ffitarget.h; sourceTree = "<group>"; };
		3D85624D0F17C1C00039906A /* linux.S */ = {isa = PBXFileReference; fileEncoding = 4; lastKnownFileType = sourcecode.asm; path = linux.S; sourceTree = "<group>"; };
		3D85624F0F17C1C00039906A /* aix.S */ = {isa = PBXFileReference; fileEncoding = 4; lastKnownFileType = sourcecode.asm; path = aix.S; sourceTree = "<group>"; };
		3D8562500F17C1C00039906A /* aix_closure.S */ = {isa = PBXFileReference; fileEncoding = 4; lastKnownFileType = sourcecode.asm; path = aix_closure.S; sourceTree = "<group>"; };
		3D8562510F17C1C00039906A /* asm.h */ = {isa = PBXFileReference; fileEncoding = 4; lastKnownFileType = sourcecode.c.h; path = asm.h; sourceTree = "<group>"; };
		3D8562520F17C1C00039906A /* darwin.S */ = {isa = PBXFileReference; fileEncoding = 4; lastKnownFileType = sourcecode.asm; path = darwin.S; sourceTree = "<group>"; };
		3D8562530F17C1C00039906A /* darwin_closure.S */ = {isa = PBXFileReference; fileEncoding = 4; lastKnownFileType = sourcecode.asm; path = darwin_closure.S; sourceTree = "<group>"; };
		3D8562540F17C1C00039906A /* ffi.c */ = {isa = PBXFileReference; fileEncoding = 4; lastKnownFileType = sourcecode.c.c; path = ffi.c; sourceTree = "<group>"; };
		3D8562550F17C1C00039906A /* ffi_darwin.c */ = {isa = PBXFileReference; fileEncoding = 4; lastKnownFileType = sourcecode.c.c; path = ffi_darwin.c; sourceTree = "<group>"; };
		3D8562560F17C1C00039906A /* ffitarget.h */ = {isa = PBXFileReference; fileEncoding = 4; lastKnownFileType = sourcecode.c.h; path = ffitarget.h; sourceTree = "<group>"; };
		3D8562570F17C1C00039906A /* linux64.S */ = {isa = PBXFileReference; fileEncoding = 4; lastKnownFileType = sourcecode.asm; path = linux64.S; sourceTree = "<group>"; };
		3D8562580F17C1C00039906A /* linux64_closure.S */ = {isa = PBXFileReference; fileEncoding = 4; lastKnownFileType = sourcecode.asm; path = linux64_closure.S; sourceTree = "<group>"; };
		3D8562590F17C1C00039906A /* ppc_closure.S */ = {isa = PBXFileReference; fileEncoding = 4; lastKnownFileType = sourcecode.asm; path = ppc_closure.S; sourceTree = "<group>"; };
		3D85625A0F17C1C00039906A /* sysv.S */ = {isa = PBXFileReference; fileEncoding = 4; lastKnownFileType = sourcecode.asm; path = sysv.S; sourceTree = "<group>"; };
		3D85625B0F17C1C00039906A /* prep_cif.c */ = {isa = PBXFileReference; fileEncoding = 4; lastKnownFileType = sourcecode.c.c; path = prep_cif.c; sourceTree = "<group>"; };
		3D85625C0F17C1C00039906A /* raw_api.c */ = {isa = PBXFileReference; fileEncoding = 4; lastKnownFileType = sourcecode.c.c; path = raw_api.c; sourceTree = "<group>"; };
		3D85625E0F17C1C00039906A /* ffi.c */ = {isa = PBXFileReference; fileEncoding = 4; lastKnownFileType = sourcecode.c.c; path = ffi.c; sourceTree = "<group>"; };
		3D85625F0F17C1C00039906A /* ffitarget.h */ = {isa = PBXFileReference; fileEncoding = 4; lastKnownFileType = sourcecode.c.h; path = ffitarget.h; sourceTree = "<group>"; };
		3D8562600F17C1C00039906A /* sysv.S */ = {isa = PBXFileReference; fileEncoding = 4; lastKnownFileType = sourcecode.asm; path = sysv.S; sourceTree = "<group>"; };
		3D8562620F17C1C00039906A /* ffi.c */ = {isa = PBXFileReference; fileEncoding = 4; lastKnownFileType = sourcecode.c.c; path = ffi.c; sourceTree = "<group>"; };
		3D8562630F17C1C00039906A /* ffitarget.h */ = {isa = PBXFileReference; fileEncoding = 4; lastKnownFileType = sourcecode.c.h; path = ffitarget.h; sourceTree = "<group>"; };
		3D8562640F17C1C00039906A /* sysv.S */ = {isa = PBXFileReference; fileEncoding = 4; lastKnownFileType = sourcecode.asm; path = sysv.S; sourceTree = "<group>"; };
		3D8562660F17C1C00039906A /* ffi.c */ = {isa = PBXFileReference; fileEncoding = 4; lastKnownFileType = sourcecode.c.c; path = ffi.c; sourceTree = "<group>"; };
		3D8562670F17C1C00039906A /* ffitarget.h */ = {isa = PBXFileReference; fileEncoding = 4; lastKnownFileType = sourcecode.c.h; path = ffitarget.h; sourceTree = "<group>"; };
		3D8562680F17C1C00039906A /* sysv.S */ = {isa = PBXFileReference; fileEncoding = 4; lastKnownFileType = sourcecode.asm; path = sysv.S; sourceTree = "<group>"; };
		3D85626A0F17C1C00039906A /* ffi.c */ = {isa = PBXFileReference; fileEncoding = 4; lastKnownFileType = sourcecode.c.c; path = ffi.c; sourceTree = "<group>"; };
		3D85626B0F17C1C00039906A /* ffitarget.h */ = {isa = PBXFileReference; fileEncoding = 4; lastKnownFileType = sourcecode.c.h; path = ffitarget.h; sourceTree = "<group>"; };
		3D85626C0F17C1C00039906A /* v8.S */ = {isa = PBXFileReference; fileEncoding = 4; lastKnownFileType = sourcecode.asm; path = v8.S; sourceTree = "<group>"; };
		3D85626D0F17C1C00039906A /* v9.S */ = {isa = PBXFileReference; fileEncoding = 4; lastKnownFileType = sourcecode.asm; path = v9.S; sourceTree = "<group>"; };
		3D85626E0F17C1C00039906A /* types.c */ = {isa = PBXFileReference; fileEncoding = 4; lastKnownFileType = sourcecode.c.c; path = types.c; sourceTree = "<group>"; };
		3D8562700F17C1C00039906A /* ffi.c */ = {isa = PBXFileReference; fileEncoding = 4; lastKnownFileType = sourcecode.c.c; path = ffi.c; sourceTree = "<group>"; };
		3D8562710F17C1C00039906A /* ffi64.c */ = {isa = PBXFileReference; fileEncoding = 4; lastKnownFileType = sourcecode.c.c; path = ffi64.c; sourceTree = "<group>"; };
		3D8562720F17C1C00039906A /* ffitarget.h */ = {isa = PBXFileReference; fileEncoding = 4; lastKnownFileType = sourcecode.c.h; path = ffitarget.h; sourceTree = "<group>"; };
		3D8562730F17C1C00039906A /* sysv.S */ = {isa = PBXFileReference; fileEncoding = 4; lastKnownFileType = sourcecode.asm; path = sysv.S; sourceTree = "<group>"; };
		3D8562740F17C1C00039906A /* unix64.S */ = {isa = PBXFileReference; fileEncoding = 4; lastKnownFileType = sourcecode.asm; path = unix64.S; sourceTree = "<group>"; };
		3D8562750F17C1C00039906A /* win32.S */ = {isa = PBXFileReference; fileEncoding = 4; lastKnownFileType = sourcecode.asm; path = win32.S; sourceTree = "<group>"; };
		3D8562760F17C1C00039906A /* stamp-h.in */ = {isa = PBXFileReference; fileEncoding = 4; lastKnownFileType = text; path = "stamp-h.in"; sourceTree = "<group>"; };
		3D9BA7DA0EB10DC9005F9A76 /* class.js */ = {isa = PBXFileReference; fileEncoding = 4; lastKnownFileType = sourcecode.javascript; name = class.js; path = ../JSCocoa/class.js; sourceTree = SOURCE_ROOT; };
		3DA3900B0EA7523300CB6F74 /* JSCocoaController.m */ = {isa = PBXFileReference; fileEncoding = 4; lastKnownFileType = sourcecode.c.objc; name = JSCocoaController.m; path = ../JSCocoa/JSCocoaController.m; sourceTree = SOURCE_ROOT; };
		3DA3900C0EA7523300CB6F74 /* JSCocoaController.h */ = {isa = PBXFileReference; fileEncoding = 4; lastKnownFileType = sourcecode.c.h; name = JSCocoaController.h; path = ../JSCocoa/JSCocoaController.h; sourceTree = SOURCE_ROOT; };
		3DA3900D0EA7523300CB6F74 /* JSCocoaPrivateObject.m */ = {isa = PBXFileReference; fileEncoding = 4; lastKnownFileType = sourcecode.c.objc; name = JSCocoaPrivateObject.m; path = ../JSCocoa/JSCocoaPrivateObject.m; sourceTree = SOURCE_ROOT; };
		3DA3900E0EA7523300CB6F74 /* JSCocoaPrivateObject.h */ = {isa = PBXFileReference; fileEncoding = 4; lastKnownFileType = sourcecode.c.h; name = JSCocoaPrivateObject.h; path = ../JSCocoa/JSCocoaPrivateObject.h; sourceTree = SOURCE_ROOT; };
		3DA3900F0EA7523300CB6F74 /* JSCocoaFFIArgument.m */ = {isa = PBXFileReference; fileEncoding = 4; lastKnownFileType = sourcecode.c.objc; name = JSCocoaFFIArgument.m; path = ../JSCocoa/JSCocoaFFIArgument.m; sourceTree = SOURCE_ROOT; };
		3DA390100EA7523300CB6F74 /* JSCocoaFFIArgument.h */ = {isa = PBXFileReference; fileEncoding = 4; lastKnownFileType = sourcecode.c.h; name = JSCocoaFFIArgument.h; path = ../JSCocoa/JSCocoaFFIArgument.h; sourceTree = SOURCE_ROOT; };
		3DA390110EA7523300CB6F74 /* JSCocoaFFIClosure.m */ = {isa = PBXFileReference; fileEncoding = 4; lastKnownFileType = sourcecode.c.objc; name = JSCocoaFFIClosure.m; path = ../JSCocoa/JSCocoaFFIClosure.m; sourceTree = SOURCE_ROOT; };
		3DA390120EA7523300CB6F74 /* JSCocoaFFIClosure.h */ = {isa = PBXFileReference; fileEncoding = 4; lastKnownFileType = sourcecode.c.h; name = JSCocoaFFIClosure.h; path = ../JSCocoa/JSCocoaFFIClosure.h; sourceTree = SOURCE_ROOT; };
		3DA390130EA7523300CB6F74 /* BridgeSupportController.m */ = {isa = PBXFileReference; fileEncoding = 4; lastKnownFileType = sourcecode.c.objc; name = BridgeSupportController.m; path = ../JSCocoa/BridgeSupportController.m; sourceTree = SOURCE_ROOT; };
		3DA390140EA7523300CB6F74 /* BridgeSupportController.h */ = {isa = PBXFileReference; fileEncoding = 4; lastKnownFileType = sourcecode.c.h; name = BridgeSupportController.h; path = ../JSCocoa/BridgeSupportController.h; sourceTree = SOURCE_ROOT; };
		3DB5820C0EA17CAC00EB80D9 /* JavascriptCore-dlsym.m */ = {isa = PBXFileReference; fileEncoding = 4; lastKnownFileType = sourcecode.c.objc; path = "JavascriptCore-dlsym.m"; sourceTree = "<group>"; };
		3DB5820D0EA17CAC00EB80D9 /* JavascriptCore-dlsym.h */ = {isa = PBXFileReference; fileEncoding = 4; lastKnownFileType = sourcecode.c.h; path = "JavascriptCore-dlsym.h"; sourceTree = "<group>"; };
		3DB5820E0EA17CAC00EB80D9 /* JavaScriptCore.h */ = {isa = PBXFileReference; fileEncoding = 4; lastKnownFileType = sourcecode.c.h; path = JavaScriptCore.h; sourceTree = "<group>"; };
		3DB5820F0EA17CAC00EB80D9 /* JSBase.h */ = {isa = PBXFileReference; fileEncoding = 4; lastKnownFileType = sourcecode.c.h; path = JSBase.h; sourceTree = "<group>"; };
		3DB582100EA17CAC00EB80D9 /* JSContextRef.h */ = {isa = PBXFileReference; fileEncoding = 4; lastKnownFileType = sourcecode.c.h; path = JSContextRef.h; sourceTree = "<group>"; };
		3DB582110EA17CAC00EB80D9 /* JSObjectRef.h */ = {isa = PBXFileReference; fileEncoding = 4; lastKnownFileType = sourcecode.c.h; path = JSObjectRef.h; sourceTree = "<group>"; };
		3DB582120EA17CAC00EB80D9 /* JSStringRef.h */ = {isa = PBXFileReference; fileEncoding = 4; lastKnownFileType = sourcecode.c.h; path = JSStringRef.h; sourceTree = "<group>"; };
		3DB582130EA17CAC00EB80D9 /* JSStringRefCF.h */ = {isa = PBXFileReference; fileEncoding = 4; lastKnownFileType = sourcecode.c.h; path = JSStringRefCF.h; sourceTree = "<group>"; };
		3DB582140EA17CAC00EB80D9 /* JSValueRef.h */ = {isa = PBXFileReference; fileEncoding = 4; lastKnownFileType = sourcecode.c.h; path = JSValueRef.h; sourceTree = "<group>"; };
		3DB582760EA1814000EB80D9 /* iPhoneMain.js */ = {isa = PBXFileReference; fileEncoding = 4; lastKnownFileType = sourcecode.javascript; name = iPhoneMain.js; path = ../iPhoneMain.js; sourceTree = "<group>"; };
		8D1107310486CEB800E47090 /* Info.plist */ = {isa = PBXFileReference; fileEncoding = 4; lastKnownFileType = text.plist.xml; path = Info.plist; sourceTree = "<group>"; };
/* End PBXFileReference section */

/* Begin PBXFrameworksBuildPhase section */
		1D60588F0D05DD3D006BFB54 /* Frameworks */ = {
			isa = PBXFrameworksBuildPhase;
			buildActionMask = 2147483647;
			files = (
				1D60589F0D05DD5A006BFB54 /* Foundation.framework in Frameworks */,
				1DF5F4E00D08C38300B7A737 /* UIKit.framework in Frameworks */,
				288765A50DF7441C002DB57D /* CoreGraphics.framework in Frameworks */,
			);
			runOnlyForDeploymentPostprocessing = 0;
		};
/* End PBXFrameworksBuildPhase section */

/* Begin PBXGroup section */
		080E96DDFE201D6D7F000001 /* Classes */ = {
			isa = PBXGroup;
			children = (
				3DB582760EA1814000EB80D9 /* iPhoneMain.js */,
			);
			path = Classes;
			sourceTree = "<group>";
		};
		19C28FACFE9D520D11CA2CBB /* Products */ = {
			isa = PBXGroup;
			children = (
				1D6058910D05DD3D006BFB54 /* iPhoneTest2.app */,
			);
			name = Products;
			sourceTree = "<group>";
		};
		29B97314FDCFA39411CA2CEA /* CustomTemplate */ = {
			isa = PBXGroup;
			children = (
				3DB581EF0EA17C9000EB80D9 /* JSCocoa */,
				080E96DDFE201D6D7F000001 /* Classes */,
				29B97315FDCFA39411CA2CEA /* Other Sources */,
				29B97317FDCFA39411CA2CEA /* Resources */,
				29B97323FDCFA39411CA2CEA /* Frameworks */,
				19C28FACFE9D520D11CA2CBB /* Products */,
			);
			name = CustomTemplate;
			sourceTree = "<group>";
		};
		29B97315FDCFA39411CA2CEA /* Other Sources */ = {
			isa = PBXGroup;
			children = (
				32CA4F630368D1EE00C91783 /* iPhoneTest2_Prefix.pch */,
				29B97316FDCFA39411CA2CEA /* main.m */,
			);
			name = "Other Sources";
			sourceTree = "<group>";
		};
		29B97317FDCFA39411CA2CEA /* Resources */ = {
			isa = PBXGroup;
			children = (
				3D7A818D0EA238D3009DE07C /* hiPointCount.png */,
				3D7A818E0EA238D3009DE07C /* lowPointCount.png */,
				2899E5210DE3E06400AC0155 /* iPhoneTest2ViewController.xib */,
				28AD733E0D9D9553002E5188 /* MainWindow.xib */,
				8D1107310486CEB800E47090 /* Info.plist */,
			);
			name = Resources;
			sourceTree = "<group>";
		};
		29B97323FDCFA39411CA2CEA /* Frameworks */ = {
			isa = PBXGroup;
			children = (
				1DF5F4DF0D08C38300B7A737 /* UIKit.framework */,
				1D30AB110D05D00D00671497 /* Foundation.framework */,
				288765A40DF7441C002DB57D /* CoreGraphics.framework */,
			);
			name = Frameworks;
			sourceTree = "<group>";
		};
		3D8562130F17C1C00039906A /* libffi */ = {
			isa = PBXGroup;
			children = (
				3D8562150F17C1C00039906A /* acinclude.m4 */,
				3D8562160F17C1C00039906A /* aclocal.m4 */,
				3D85621D0F17C1C00039906A /* fficonfig.h.in */,
				3D85621E0F17C1C00039906A /* include */,
				3D8562270F17C1C00039906A /* README */,
				3D8562280F17C1C00039906A /* src */,
				3D8562760F17C1C00039906A /* stamp-h.in */,
			);
			path = libffi;
			sourceTree = "<group>";
		};
		3D85621E0F17C1C00039906A /* include */ = {
			isa = PBXGroup;
			children = (
				3D85621F0F17C1C00039906A /* ffi.h.in */,
				3D8562200F17C1C00039906A /* ffi_common.h */,
				3D8562210F17C1C00039906A /* Makefile.am */,
				3D8562220F17C1C00039906A /* Makefile.in */,
			);
			path = include;
			sourceTree = "<group>";
		};
		3D8562280F17C1C00039906A /* src */ = {
			isa = PBXGroup;
			children = (
				3D8562290F17C1C00039906A /* alpha */,
				3D85622D0F17C1C00039906A /* arm */,
				3D8562310F17C1C00039906A /* debug.c */,
				3D8562320F17C1C00039906A /* ffitest.c */,
				3D8562330F17C1C00039906A /* frv */,
				3D8562370F17C1C00039906A /* ia64 */,
				3D85623C0F17C1C00039906A /* java_raw_api.c */,
				3D85623D0F17C1C00039906A /* m32r */,
				3D8562410F17C1C00039906A /* m68k */,
				3D8562450F17C1C00039906A /* mips */,
				3D85624A0F17C1C00039906A /* pa */,
				3D85624E0F17C1C00039906A /* powerpc */,
				3D85625B0F17C1C00039906A /* prep_cif.c */,
				3D85625C0F17C1C00039906A /* raw_api.c */,
				3D85625D0F17C1C00039906A /* s390 */,
				3D8562610F17C1C00039906A /* sh */,
				3D8562650F17C1C00039906A /* sh64 */,
				3D8562690F17C1C00039906A /* sparc */,
				3D85626E0F17C1C00039906A /* types.c */,
				3D85626F0F17C1C00039906A /* x86 */,
			);
			path = src;
			sourceTree = "<group>";
		};
		3D8562290F17C1C00039906A /* alpha */ = {
			isa = PBXGroup;
			children = (
				3D85622A0F17C1C00039906A /* ffi.c */,
				3D85622B0F17C1C00039906A /* ffitarget.h */,
				3D85622C0F17C1C00039906A /* osf.S */,
			);
			path = alpha;
			sourceTree = "<group>";
		};
		3D85622D0F17C1C00039906A /* arm */ = {
			isa = PBXGroup;
			children = (
				3D85622E0F17C1C00039906A /* ffi.c */,
				3D85622F0F17C1C00039906A /* ffitarget.h */,
				3D8562300F17C1C00039906A /* sysv.S */,
			);
			path = arm;
			sourceTree = "<group>";
		};
		3D8562330F17C1C00039906A /* frv */ = {
			isa = PBXGroup;
			children = (
				3D8562340F17C1C00039906A /* eabi.S */,
				3D8562350F17C1C00039906A /* ffi.c */,
				3D8562360F17C1C00039906A /* ffitarget.h */,
			);
			path = frv;
			sourceTree = "<group>";
		};
		3D8562370F17C1C00039906A /* ia64 */ = {
			isa = PBXGroup;
			children = (
				3D8562380F17C1C00039906A /* ffi.c */,
				3D8562390F17C1C00039906A /* ffitarget.h */,
				3D85623A0F17C1C00039906A /* ia64_flags.h */,
				3D85623B0F17C1C00039906A /* unix.S */,
			);
			path = ia64;
			sourceTree = "<group>";
		};
		3D85623D0F17C1C00039906A /* m32r */ = {
			isa = PBXGroup;
			children = (
				3D85623E0F17C1C00039906A /* ffi.c */,
				3D85623F0F17C1C00039906A /* ffitarget.h */,
				3D8562400F17C1C00039906A /* sysv.S */,
			);
			path = m32r;
			sourceTree = "<group>";
		};
		3D8562410F17C1C00039906A /* m68k */ = {
			isa = PBXGroup;
			children = (
				3D8562420F17C1C00039906A /* ffi.c */,
				3D8562430F17C1C00039906A /* ffitarget.h */,
				3D8562440F17C1C00039906A /* sysv.S */,
			);
			path = m68k;
			sourceTree = "<group>";
		};
		3D8562450F17C1C00039906A /* mips */ = {
			isa = PBXGroup;
			children = (
				3D8562460F17C1C00039906A /* ffi.c */,
				3D8562470F17C1C00039906A /* ffitarget.h */,
				3D8562480F17C1C00039906A /* n32.S */,
				3D8562490F17C1C00039906A /* o32.S */,
			);
			path = mips;
			sourceTree = "<group>";
		};
		3D85624A0F17C1C00039906A /* pa */ = {
			isa = PBXGroup;
			children = (
				3D85624B0F17C1C00039906A /* ffi.c */,
				3D85624C0F17C1C00039906A /* ffitarget.h */,
				3D85624D0F17C1C00039906A /* linux.S */,
			);
			path = pa;
			sourceTree = "<group>";
		};
		3D85624E0F17C1C00039906A /* powerpc */ = {
			isa = PBXGroup;
			children = (
				3D85624F0F17C1C00039906A /* aix.S */,
				3D8562500F17C1C00039906A /* aix_closure.S */,
				3D8562510F17C1C00039906A /* asm.h */,
				3D8562520F17C1C00039906A /* darwin.S */,
				3D8562530F17C1C00039906A /* darwin_closure.S */,
				3D8562540F17C1C00039906A /* ffi.c */,
				3D8562550F17C1C00039906A /* ffi_darwin.c */,
				3D8562560F17C1C00039906A /* ffitarget.h */,
				3D8562570F17C1C00039906A /* linux64.S */,
				3D8562580F17C1C00039906A /* linux64_closure.S */,
				3D8562590F17C1C00039906A /* ppc_closure.S */,
				3D85625A0F17C1C00039906A /* sysv.S */,
			);
			path = powerpc;
			sourceTree = "<group>";
		};
		3D85625D0F17C1C00039906A /* s390 */ = {
			isa = PBXGroup;
			children = (
				3D85625E0F17C1C00039906A /* ffi.c */,
				3D85625F0F17C1C00039906A /* ffitarget.h */,
				3D8562600F17C1C00039906A /* sysv.S */,
			);
			path = s390;
			sourceTree = "<group>";
		};
		3D8562610F17C1C00039906A /* sh */ = {
			isa = PBXGroup;
			children = (
				3D8562620F17C1C00039906A /* ffi.c */,
				3D8562630F17C1C00039906A /* ffitarget.h */,
				3D8562640F17C1C00039906A /* sysv.S */,
			);
			path = sh;
			sourceTree = "<group>";
		};
		3D8562650F17C1C00039906A /* sh64 */ = {
			isa = PBXGroup;
			children = (
				3D8562660F17C1C00039906A /* ffi.c */,
				3D8562670F17C1C00039906A /* ffitarget.h */,
				3D8562680F17C1C00039906A /* sysv.S */,
			);
			path = sh64;
			sourceTree = "<group>";
		};
		3D8562690F17C1C00039906A /* sparc */ = {
			isa = PBXGroup;
			children = (
				3D85626A0F17C1C00039906A /* ffi.c */,
				3D85626B0F17C1C00039906A /* ffitarget.h */,
				3D85626C0F17C1C00039906A /* v8.S */,
				3D85626D0F17C1C00039906A /* v9.S */,
			);
			path = sparc;
			sourceTree = "<group>";
		};
		3D85626F0F17C1C00039906A /* x86 */ = {
			isa = PBXGroup;
			children = (
				3D8562700F17C1C00039906A /* ffi.c */,
				3D8562710F17C1C00039906A /* ffi64.c */,
				3D8562720F17C1C00039906A /* ffitarget.h */,
				3D8562730F17C1C00039906A /* sysv.S */,
				3D8562740F17C1C00039906A /* unix64.S */,
				3D8562750F17C1C00039906A /* win32.S */,
			);
			path = x86;
			sourceTree = "<group>";
		};
		3DB581EF0EA17C9000EB80D9 /* JSCocoa */ = {
			isa = PBXGroup;
			children = (
				3D8562130F17C1C00039906A /* libffi */,
				3D7A7E260EA2216D009DE07C /* iPhone.bridgesupport */,
				3DB5820B0EA17CAC00EB80D9 /* JavascriptCore */,
				3DA3900B0EA7523300CB6F74 /* JSCocoaController.m */,
				3DA3900C0EA7523300CB6F74 /* JSCocoaController.h */,
				3DA3900D0EA7523300CB6F74 /* JSCocoaPrivateObject.m */,
				3DA3900E0EA7523300CB6F74 /* JSCocoaPrivateObject.h */,
				3DA3900F0EA7523300CB6F74 /* JSCocoaFFIArgument.m */,
				3DA390100EA7523300CB6F74 /* JSCocoaFFIArgument.h */,
				3DA390110EA7523300CB6F74 /* JSCocoaFFIClosure.m */,
				3DA390120EA7523300CB6F74 /* JSCocoaFFIClosure.h */,
				3DA390130EA7523300CB6F74 /* BridgeSupportController.m */,
				3DA390140EA7523300CB6F74 /* BridgeSupportController.h */,
				3D9BA7DA0EB10DC9005F9A76 /* class.js */,
			);
			name = JSCocoa;
			sourceTree = "<group>";
		};
		3DB5820B0EA17CAC00EB80D9 /* JavascriptCore */ = {
			isa = PBXGroup;
			children = (
				3DB5820C0EA17CAC00EB80D9 /* JavascriptCore-dlsym.m */,
				3DB5820D0EA17CAC00EB80D9 /* JavascriptCore-dlsym.h */,
				3DB5820E0EA17CAC00EB80D9 /* JavaScriptCore.h */,
				3DB5820F0EA17CAC00EB80D9 /* JSBase.h */,
				3DB582100EA17CAC00EB80D9 /* JSContextRef.h */,
				3DB582110EA17CAC00EB80D9 /* JSObjectRef.h */,
				3DB582120EA17CAC00EB80D9 /* JSStringRef.h */,
				3DB582130EA17CAC00EB80D9 /* JSStringRefCF.h */,
				3DB582140EA17CAC00EB80D9 /* JSValueRef.h */,
			);
			name = JavascriptCore;
			sourceTree = "<group>";
		};
/* End PBXGroup section */

/* Begin PBXNativeTarget section */
		1D6058900D05DD3D006BFB54 /* iPhoneTest2 */ = {
			isa = PBXNativeTarget;
			buildConfigurationList = 1D6058960D05DD3E006BFB54 /* Build configuration list for PBXNativeTarget "iPhoneTest2" */;
			buildPhases = (
				1D60588D0D05DD3D006BFB54 /* Resources */,
				1D60588E0D05DD3D006BFB54 /* Sources */,
				1D60588F0D05DD3D006BFB54 /* Frameworks */,
				3DF7D7450EFC8B0200F2DCCD /* ShellScript */,
			);
			buildRules = (
			);
			dependencies = (
			);
			name = iPhoneTest2;
			productName = iPhoneTest2;
			productReference = 1D6058910D05DD3D006BFB54 /* iPhoneTest2.app */;
			productType = "com.apple.product-type.application";
		};
/* End PBXNativeTarget section */

/* Begin PBXProject section */
		29B97313FDCFA39411CA2CEA /* Project object */ = {
			isa = PBXProject;
			buildConfigurationList = C01FCF4E08A954540054247B /* Build configuration list for PBXProject "iPhoneTest2" */;
			compatibilityVersion = "Xcode 3.1";
			hasScannedForEncodings = 1;
			mainGroup = 29B97314FDCFA39411CA2CEA /* CustomTemplate */;
			projectDirPath = "";
			projectRoot = "";
			targets = (
				1D6058900D05DD3D006BFB54 /* iPhoneTest2 */,
			);
		};
/* End PBXProject section */

/* Begin PBXResourcesBuildPhase section */
		1D60588D0D05DD3D006BFB54 /* Resources */ = {
			isa = PBXResourcesBuildPhase;
			buildActionMask = 2147483647;
			files = (
				3D9BA7DB0EB10DC9005F9A76 /* class.js in Resources */,
				3DB582770EA1814000EB80D9 /* iPhoneMain.js in Resources */,
				28AD733F0D9D9553002E5188 /* MainWindow.xib in Resources */,
				2899E5220DE3E06400AC0155 /* iPhoneTest2ViewController.xib in Resources */,
				3D7A7E270EA2216D009DE07C /* iPhone.bridgesupport in Resources */,
				3D7A818F0EA238D3009DE07C /* hiPointCount.png in Resources */,
				3D7A81900EA238D3009DE07C /* lowPointCount.png in Resources */,
				3D8562780F17C1C00039906A /* acinclude.m4 in Resources */,
				3D8562790F17C1C00039906A /* aclocal.m4 in Resources */,
				3D8562800F17C1C00039906A /* fficonfig.h.in in Resources */,
				3D8562810F17C1C00039906A /* ffi.h.in in Resources */,
				3D8562820F17C1C00039906A /* Makefile.am in Resources */,
				3D8562830F17C1C00039906A /* Makefile.in in Resources */,
				3D8562880F17C1C00039906A /* README in Resources */,
				3D8562B80F17C1C00039906A /* stamp-h.in in Resources */,
			);
			runOnlyForDeploymentPostprocessing = 0;
		};
/* End PBXResourcesBuildPhase section */

/* Begin PBXShellScriptBuildPhase section */
		3DF7D7450EFC8B0200F2DCCD /* ShellScript */ = {
			isa = PBXShellScriptBuildPhase;
			buildActionMask = 2147483647;
			files = (
			);
			inputPaths = (
			);
			outputPaths = (
			);
			runOnlyForDeploymentPostprocessing = 0;
			shellPath = /bin/sh;
			shellScript = "if [ \"${PLATFORM_NAME}\" == \"iphoneos\" ]; then\nplatform=/Developer/Platforms/iPhoneOS.platform\nallocate=${platform}/Developer/usr/bin/codesign_allocate\nexport CODESIGN_ALLOCATE=${allocate}\ncodesign -fs \"iPhone developer\" ${BUILT_PRODUCTS_DIR}/${WRAPPER_NAME}\nfi\n";
		};
/* End PBXShellScriptBuildPhase section */

/* Begin PBXSourcesBuildPhase section */
		1D60588E0D05DD3D006BFB54 /* Sources */ = {
			isa = PBXSourcesBuildPhase;
			buildActionMask = 2147483647;
			files = (
				1D60589B0D05DD56006BFB54 /* main.m in Sources */,
				3DB582150EA17CAC00EB80D9 /* JavascriptCore-dlsym.m in Sources */,
				3DA390150EA7523300CB6F74 /* JSCocoaController.m in Sources */,
				3DA390160EA7523300CB6F74 /* JSCocoaPrivateObject.m in Sources */,
				3DA390170EA7523300CB6F74 /* JSCocoaFFIArgument.m in Sources */,
				3DA390180EA7523300CB6F74 /* JSCocoaFFIClosure.m in Sources */,
				3DA390190EA7523300CB6F74 /* BridgeSupportController.m in Sources */,
				3D8562890F17C1C00039906A /* ffi.c in Sources */,
				3D85628A0F17C1C00039906A /* osf.S in Sources */,
				3D85628B0F17C1C00039906A /* ffi.c in Sources */,
				3D85628C0F17C1C00039906A /* sysv.S in Sources */,
				3D85628D0F17C1C00039906A /* debug.c in Sources */,
				3D85628E0F17C1C00039906A /* ffitest.c in Sources */,
				3D85628F0F17C1C00039906A /* eabi.S in Sources */,
				3D8562900F17C1C00039906A /* ffi.c in Sources */,
				3D8562910F17C1C00039906A /* ffi.c in Sources */,
				3D8562920F17C1C00039906A /* unix.S in Sources */,
				3D8562930F17C1C00039906A /* java_raw_api.c in Sources */,
				3D8562940F17C1C00039906A /* ffi.c in Sources */,
				3D8562950F17C1C00039906A /* sysv.S in Sources */,
				3D8562960F17C1C00039906A /* ffi.c in Sources */,
				3D8562970F17C1C00039906A /* sysv.S in Sources */,
				3D8562980F17C1C00039906A /* ffi.c in Sources */,
				3D8562990F17C1C00039906A /* n32.S in Sources */,
				3D85629A0F17C1C00039906A /* o32.S in Sources */,
				3D85629B0F17C1C00039906A /* ffi.c in Sources */,
				3D85629C0F17C1C00039906A /* linux.S in Sources */,
				3D85629D0F17C1C00039906A /* aix.S in Sources */,
				3D85629E0F17C1C00039906A /* aix_closure.S in Sources */,
				3D85629F0F17C1C00039906A /* darwin.S in Sources */,
				3D8562A00F17C1C00039906A /* darwin_closure.S in Sources */,
				3D8562A10F17C1C00039906A /* ffi.c in Sources */,
				3D8562A20F17C1C00039906A /* ffi_darwin.c in Sources */,
				3D8562A30F17C1C00039906A /* linux64.S in Sources */,
				3D8562A40F17C1C00039906A /* linux64_closure.S in Sources */,
				3D8562A50F17C1C00039906A /* ppc_closure.S in Sources */,
				3D8562A60F17C1C00039906A /* sysv.S in Sources */,
				3D8562A70F17C1C00039906A /* prep_cif.c in Sources */,
				3D8562A80F17C1C00039906A /* raw_api.c in Sources */,
				3D8562A90F17C1C00039906A /* ffi.c in Sources */,
				3D8562AA0F17C1C00039906A /* sysv.S in Sources */,
				3D8562AB0F17C1C00039906A /* ffi.c in Sources */,
				3D8562AC0F17C1C00039906A /* sysv.S in Sources */,
				3D8562AD0F17C1C00039906A /* ffi.c in Sources */,
				3D8562AE0F17C1C00039906A /* sysv.S in Sources */,
				3D8562AF0F17C1C00039906A /* ffi.c in Sources */,
				3D8562B00F17C1C00039906A /* v8.S in Sources */,
				3D8562B10F17C1C00039906A /* v9.S in Sources */,
				3D8562B20F17C1C00039906A /* types.c in Sources */,
				3D8562B30F17C1C00039906A /* ffi.c in Sources */,
				3D8562B40F17C1C00039906A /* ffi64.c in Sources */,
				3D8562B50F17C1C00039906A /* sysv.S in Sources */,
				3D8562B60F17C1C00039906A /* unix64.S in Sources */,
				3D8562B70F17C1C00039906A /* win32.S in Sources */,
			);
			runOnlyForDeploymentPostprocessing = 0;
		};
/* End PBXSourcesBuildPhase section */

/* Begin XCBuildConfiguration section */
		1D6058940D05DD3E006BFB54 /* Debug */ = {
			isa = XCBuildConfiguration;
			buildSettings = {
				ALWAYS_SEARCH_USER_PATHS = NO;
				"CODE_SIGN_IDENTITY[sdk=iphoneos*]" = "iPhone Developer";
				COPY_PHASE_STRIP = NO;
				GCC_DYNAMIC_NO_PIC = NO;
				GCC_OPTIMIZATION_LEVEL = 0;
				GCC_PRECOMPILE_PREFIX_HEADER = YES;
				GCC_PREFIX_HEADER = iPhoneTest2_Prefix.pch;
				INFOPLIST_FILE = Info.plist;
				PRODUCT_NAME = iPhoneTest2;
			};
			name = Debug;
		};
		1D6058950D05DD3E006BFB54 /* Release */ = {
			isa = XCBuildConfiguration;
			buildSettings = {
				ALWAYS_SEARCH_USER_PATHS = NO;
				COPY_PHASE_STRIP = YES;
				GCC_PRECOMPILE_PREFIX_HEADER = YES;
				GCC_PREFIX_HEADER = iPhoneTest2_Prefix.pch;
				INFOPLIST_FILE = Info.plist;
				PRODUCT_NAME = iPhoneTest2;
			};
			name = Release;
		};
		C01FCF4F08A954540054247B /* Debug */ = {
			isa = XCBuildConfiguration;
			buildSettings = {
				ARCHS = "$(ARCHS_STANDARD_32_BIT)";
				"CODE_SIGN_IDENTITY[sdk=iphoneos*]" = "iPhone Developer";
				DEAD_CODE_STRIPPING = YES;
				GCC_C_LANGUAGE_STANDARD = c99;
				GCC_THUMB_SUPPORT = YES;
				GCC_WARN_ABOUT_RETURN_TYPE = YES;
				GCC_WARN_UNUSED_VARIABLE = YES;
				ONLY_ACTIVE_ARCH = YES;
				OTHER_LDFLAGS = "-lffi";
				PREBINDING = NO;
				SDKROOT = iphoneos2.1;
			};
			name = Debug;
		};
		C01FCF5008A954540054247B /* Release */ = {
			isa = XCBuildConfiguration;
			buildSettings = {
				ARCHS = "$(ARCHS_STANDARD_32_BIT)";
				"CODE_SIGN_IDENTITY[sdk=iphoneos*]" = "iPhone Developer";
				GCC_C_LANGUAGE_STANDARD = c99;
				GCC_WARN_ABOUT_RETURN_TYPE = YES;
				GCC_WARN_UNUSED_VARIABLE = YES;
				OTHER_LDFLAGS = "-lffi";
				PREBINDING = NO;
				SDKROOT = iphoneos2.1;
			};
			name = Release;
		};
/* End XCBuildConfiguration section */

/* Begin XCConfigurationList section */
		1D6058960D05DD3E006BFB54 /* Build configuration list for PBXNativeTarget "iPhoneTest2" */ = {
			isa = XCConfigurationList;
			buildConfigurations = (
				1D6058940D05DD3E006BFB54 /* Debug */,
				1D6058950D05DD3E006BFB54 /* Release */,
			);
			defaultConfigurationIsVisible = 0;
			defaultConfigurationName = Release;
		};
		C01FCF4E08A954540054247B /* Build configuration list for PBXProject "iPhoneTest2" */ = {
			isa = XCConfigurationList;
			buildConfigurations = (
				C01FCF4F08A954540054247B /* Debug */,
				C01FCF5008A954540054247B /* Release */,
			);
			defaultConfigurationIsVisible = 0;
			defaultConfigurationName = Release;
		};
/* End XCConfigurationList section */
	};
	rootObject = 29B97313FDCFA39411CA2CEA /* Project object */;
}
