// !$*UTF8*$!
{
	archiveVersion = 1;
	classes = {
	};
	objectVersion = 45;
	objects = {

/* Begin PBXBuildFile section */
		1DDD58160DA1D0A300B32029 /* MainMenu.xib in Resources */ = {isa = PBXBuildFile; fileRef = 1DDD58140DA1D0A300B32029 /* MainMenu.xib */; };
		3D316B7A0F3127A900F0F4BA /* JSCocoaLib.m in Sources */ = {isa = PBXBuildFile; fileRef = 3D316B790F3127A900F0F4BA /* JSCocoaLib.m */; };
		3D8A02440EB3730E00B4B080 /* BridgeSupportController.m in Sources */ = {isa = PBXBuildFile; fileRef = 3D8A023A0EB3730E00B4B080 /* BridgeSupportController.m */; };
		3D8A02450EB3730E00B4B080 /* class.js in Resources */ = {isa = PBXBuildFile; fileRef = 3D8A023B0EB3730E00B4B080 /* class.js */; };
		3D8A02460EB3730E00B4B080 /* JSCocoaController.m in Sources */ = {isa = PBXBuildFile; fileRef = 3D8A023D0EB3730E00B4B080 /* JSCocoaController.m */; };
		3D8A02470EB3730E00B4B080 /* JSCocoaFFIArgument.m in Sources */ = {isa = PBXBuildFile; fileRef = 3D8A023F0EB3730E00B4B080 /* JSCocoaFFIArgument.m */; };
		3D8A02480EB3730E00B4B080 /* JSCocoaFFIClosure.m in Sources */ = {isa = PBXBuildFile; fileRef = 3D8A02410EB3730E00B4B080 /* JSCocoaFFIClosure.m */; };
		3D8A02490EB3730E00B4B080 /* JSCocoaPrivateObject.m in Sources */ = {isa = PBXBuildFile; fileRef = 3D8A02430EB3730E00B4B080 /* JSCocoaPrivateObject.m */; };
		3DB05FCC0F24BF960043C238 /* RowView.xib in Resources */ = {isa = PBXBuildFile; fileRef = 3DB05FCA0F24BF960043C238 /* RowView.xib */; };
		3DF575330EAD2367001018F7 /* JSCocoaLauncher.js in Resources */ = {isa = PBXBuildFile; fileRef = 3DF575320EAD2367001018F7 /* JSCocoaLauncher.js */; };
		3DF5754E0EAD23C9001018F7 /* JavaScriptCore.framework in Frameworks */ = {isa = PBXBuildFile; fileRef = 3DF5754D0EAD23C9001018F7 /* JavaScriptCore.framework */; };
		8D11072B0486CEB800E47090 /* InfoPlist.strings in Resources */ = {isa = PBXBuildFile; fileRef = 089C165CFE840E0CC02AAC07 /* InfoPlist.strings */; };
		8D11072D0486CEB800E47090 /* main.m in Sources */ = {isa = PBXBuildFile; fileRef = 29B97316FDCFA39411CA2CEA /* main.m */; settings = {ATTRIBUTES = (); }; };
		8D11072F0486CEB800E47090 /* Cocoa.framework in Frameworks */ = {isa = PBXBuildFile; fileRef = 1058C7A1FEA54F0111CA2CBB /* Cocoa.framework */; };
/* End PBXBuildFile section */

/* Begin PBXFileReference section */
		089C165DFE840E0CC02AAC07 /* English */ = {isa = PBXFileReference; fileEncoding = 10; lastKnownFileType = text.plist.strings; name = English; path = English.lproj/InfoPlist.strings; sourceTree = "<group>"; };
		1058C7A1FEA54F0111CA2CBB /* Cocoa.framework */ = {isa = PBXFileReference; lastKnownFileType = wrapper.framework; name = Cocoa.framework; path = /System/Library/Frameworks/Cocoa.framework; sourceTree = "<absolute>"; };
		13E42FB307B3F0F600E4EEF1 /* CoreData.framework */ = {isa = PBXFileReference; lastKnownFileType = wrapper.framework; name = CoreData.framework; path = /System/Library/Frameworks/CoreData.framework; sourceTree = "<absolute>"; };
		1DDD58150DA1D0A300B32029 /* English */ = {isa = PBXFileReference; lastKnownFileType = file.xib; name = English; path = English.lproj/MainMenu.xib; sourceTree = "<group>"; };
		29B97316FDCFA39411CA2CEA /* main.m */ = {isa = PBXFileReference; fileEncoding = 4; lastKnownFileType = sourcecode.c.objc; path = main.m; sourceTree = "<group>"; };
		29B97324FDCFA39411CA2CEA /* AppKit.framework */ = {isa = PBXFileReference; lastKnownFileType = wrapper.framework; name = AppKit.framework; path = /System/Library/Frameworks/AppKit.framework; sourceTree = "<absolute>"; };
		29B97325FDCFA39411CA2CEA /* Foundation.framework */ = {isa = PBXFileReference; lastKnownFileType = wrapper.framework; name = Foundation.framework; path = /System/Library/Frameworks/Foundation.framework; sourceTree = "<absolute>"; };
		32CA4F630368D1EE00C91783 /* JSCocoaLauncher_Prefix.pch */ = {isa = PBXFileReference; fileEncoding = 4; lastKnownFileType = sourcecode.c.h; path = JSCocoaLauncher_Prefix.pch; sourceTree = "<group>"; };
		3D316B780F3127A900F0F4BA /* JSCocoaLib.h */ = {isa = PBXFileReference; fileEncoding = 4; lastKnownFileType = sourcecode.c.h; path = JSCocoaLib.h; sourceTree = "<group>"; };
		3D316B790F3127A900F0F4BA /* JSCocoaLib.m */ = {isa = PBXFileReference; fileEncoding = 4; lastKnownFileType = sourcecode.c.objc; path = JSCocoaLib.m; sourceTree = "<group>"; };
		3D8A02390EB3730E00B4B080 /* BridgeSupportController.h */ = {isa = PBXFileReference; fileEncoding = 4; lastKnownFileType = sourcecode.c.h; path = BridgeSupportController.h; sourceTree = "<group>"; };
		3D8A023A0EB3730E00B4B080 /* BridgeSupportController.m */ = {isa = PBXFileReference; fileEncoding = 4; lastKnownFileType = sourcecode.c.objc; path = BridgeSupportController.m; sourceTree = "<group>"; };
		3D8A023B0EB3730E00B4B080 /* class.js */ = {isa = PBXFileReference; fileEncoding = 4; lastKnownFileType = sourcecode.javascript; path = class.js; sourceTree = "<group>"; };
		3D8A023C0EB3730E00B4B080 /* JSCocoaController.h */ = {isa = PBXFileReference; fileEncoding = 4; lastKnownFileType = sourcecode.c.h; path = JSCocoaController.h; sourceTree = "<group>"; };
		3D8A023D0EB3730E00B4B080 /* JSCocoaController.m */ = {isa = PBXFileReference; fileEncoding = 4; lastKnownFileType = sourcecode.c.objc; path = JSCocoaController.m; sourceTree = "<group>"; };
		3D8A023E0EB3730E00B4B080 /* JSCocoaFFIArgument.h */ = {isa = PBXFileReference; fileEncoding = 4; lastKnownFileType = sourcecode.c.h; path = JSCocoaFFIArgument.h; sourceTree = "<group>"; };
		3D8A023F0EB3730E00B4B080 /* JSCocoaFFIArgument.m */ = {isa = PBXFileReference; fileEncoding = 4; lastKnownFileType = sourcecode.c.objc; path = JSCocoaFFIArgument.m; sourceTree = "<group>"; };
		3D8A02400EB3730E00B4B080 /* JSCocoaFFIClosure.h */ = {isa = PBXFileReference; fileEncoding = 4; lastKnownFileType = sourcecode.c.h; path = JSCocoaFFIClosure.h; sourceTree = "<group>"; };
		3D8A02410EB3730E00B4B080 /* JSCocoaFFIClosure.m */ = {isa = PBXFileReference; fileEncoding = 4; lastKnownFileType = sourcecode.c.objc; path = JSCocoaFFIClosure.m; sourceTree = "<group>"; };
		3D8A02420EB3730E00B4B080 /* JSCocoaPrivateObject.h */ = {isa = PBXFileReference; fileEncoding = 4; lastKnownFileType = sourcecode.c.h; path = JSCocoaPrivateObject.h; sourceTree = "<group>"; };
		3D8A02430EB3730E00B4B080 /* JSCocoaPrivateObject.m */ = {isa = PBXFileReference; fileEncoding = 4; lastKnownFileType = sourcecode.c.objc; path = JSCocoaPrivateObject.m; sourceTree = "<group>"; };
		3DB05FCB0F24BF960043C238 /* English */ = {isa = PBXFileReference; lastKnownFileType = file.xib; name = English; path = English.lproj/RowView.xib; sourceTree = "<group>"; };
		3DF575320EAD2367001018F7 /* JSCocoaLauncher.js */ = {isa = PBXFileReference; fileEncoding = 4; lastKnownFileType = sourcecode.javascript; path = JSCocoaLauncher.js; sourceTree = "<group>"; };
		3DF5754D0EAD23C9001018F7 /* JavaScriptCore.framework */ = {isa = PBXFileReference; lastKnownFileType = wrapper.framework; name = JavaScriptCore.framework; path = /System/Library/Frameworks/JavaScriptCore.framework; sourceTree = "<absolute>"; };
		8D1107310486CEB800E47090 /* Info.plist */ = {isa = PBXFileReference; fileEncoding = 4; lastKnownFileType = text.plist.xml; path = Info.plist; sourceTree = "<group>"; };
		8D1107320486CEB800E47090 /* JSCocoaLauncher.app */ = {isa = PBXFileReference; explicitFileType = wrapper.application; includeInIndex = 0; path = JSCocoaLauncher.app; sourceTree = BUILT_PRODUCTS_DIR; };
/* End PBXFileReference section */

/* Begin PBXFrameworksBuildPhase section */
		8D11072E0486CEB800E47090 /* Frameworks */ = {
			isa = PBXFrameworksBuildPhase;
			buildActionMask = 2147483647;
			files = (
				8D11072F0486CEB800E47090 /* Cocoa.framework in Frameworks */,
				3DF5754E0EAD23C9001018F7 /* JavaScriptCore.framework in Frameworks */,
			);
			runOnlyForDeploymentPostprocessing = 0;
		};
/* End PBXFrameworksBuildPhase section */

/* Begin PBXGroup section */
		080E96DDFE201D6D7F000001 /* Classes */ = {
			isa = PBXGroup;
			children = (
				3DF575320EAD2367001018F7 /* JSCocoaLauncher.js */,
			);
			name = Classes;
			sourceTree = "<group>";
		};
		1058C7A0FEA54F0111CA2CBB /* Linked Frameworks */ = {
			isa = PBXGroup;
			children = (
				1058C7A1FEA54F0111CA2CBB /* Cocoa.framework */,
			);
			name = "Linked Frameworks";
			sourceTree = "<group>";
		};
		1058C7A2FEA54F0111CA2CBB /* Other Frameworks */ = {
			isa = PBXGroup;
			children = (
				29B97324FDCFA39411CA2CEA /* AppKit.framework */,
				13E42FB307B3F0F600E4EEF1 /* CoreData.framework */,
				29B97325FDCFA39411CA2CEA /* Foundation.framework */,
			);
			name = "Other Frameworks";
			sourceTree = "<group>";
		};
		19C28FACFE9D520D11CA2CBB /* Products */ = {
			isa = PBXGroup;
			children = (
				8D1107320486CEB800E47090 /* JSCocoaLauncher.app */,
			);
			name = Products;
			sourceTree = "<group>";
		};
		29B97314FDCFA39411CA2CEA /* JSCocoaLauncher */ = {
			isa = PBXGroup;
			children = (
				080E96DDFE201D6D7F000001 /* Classes */,
				3D8A02380EB3730E00B4B080 /* JSCocoa */,
				29B97315FDCFA39411CA2CEA /* Other Sources */,
				29B97317FDCFA39411CA2CEA /* Resources */,
				29B97323FDCFA39411CA2CEA /* Frameworks */,
				19C28FACFE9D520D11CA2CBB /* Products */,
			);
			name = JSCocoaLauncher;
			sourceTree = "<group>";
		};
		29B97315FDCFA39411CA2CEA /* Other Sources */ = {
			isa = PBXGroup;
			children = (
				32CA4F630368D1EE00C91783 /* JSCocoaLauncher_Prefix.pch */,
				29B97316FDCFA39411CA2CEA /* main.m */,
			);
			name = "Other Sources";
			sourceTree = "<group>";
		};
		29B97317FDCFA39411CA2CEA /* Resources */ = {
			isa = PBXGroup;
			children = (
				8D1107310486CEB800E47090 /* Info.plist */,
				089C165CFE840E0CC02AAC07 /* InfoPlist.strings */,
				1DDD58140DA1D0A300B32029 /* MainMenu.xib */,
				3DB05FCA0F24BF960043C238 /* RowView.xib */,
			);
			name = Resources;
			sourceTree = "<group>";
		};
		29B97323FDCFA39411CA2CEA /* Frameworks */ = {
			isa = PBXGroup;
			children = (
				3DF5754D0EAD23C9001018F7 /* JavaScriptCore.framework */,
				1058C7A0FEA54F0111CA2CBB /* Linked Frameworks */,
				1058C7A2FEA54F0111CA2CBB /* Other Frameworks */,
			);
			name = Frameworks;
			sourceTree = "<group>";
		};
		3D8A02380EB3730E00B4B080 /* JSCocoa */ = {
			isa = PBXGroup;
			children = (
				3D8A02390EB3730E00B4B080 /* BridgeSupportController.h */,
				3D8A023A0EB3730E00B4B080 /* BridgeSupportController.m */,
				3D8A023B0EB3730E00B4B080 /* class.js */,
				3D8A023C0EB3730E00B4B080 /* JSCocoaController.h */,
				3D8A023D0EB3730E00B4B080 /* JSCocoaController.m */,
				3D8A023E0EB3730E00B4B080 /* JSCocoaFFIArgument.h */,
				3D8A023F0EB3730E00B4B080 /* JSCocoaFFIArgument.m */,
				3D8A02400EB3730E00B4B080 /* JSCocoaFFIClosure.h */,
				3D8A02410EB3730E00B4B080 /* JSCocoaFFIClosure.m */,
				3D8A02430EB3730E00B4B080 /* JSCocoaPrivateObject.m */,
				3D8A02420EB3730E00B4B080 /* JSCocoaPrivateObject.h */,
				3D316B780F3127A900F0F4BA /* JSCocoaLib.h */,
				3D316B790F3127A900F0F4BA /* JSCocoaLib.m */,
			);
			name = JSCocoa;
			path = ../JSCocoa;
			sourceTree = SOURCE_ROOT;
		};
/* End PBXGroup section */

/* Begin PBXNativeTarget section */
		8D1107260486CEB800E47090 /* JSCocoaLauncher */ = {
			isa = PBXNativeTarget;
			buildConfigurationList = C01FCF4A08A954540054247B /* Build configuration list for PBXNativeTarget "JSCocoaLauncher" */;
			buildPhases = (
				8D1107290486CEB800E47090 /* Resources */,
				8D11072C0486CEB800E47090 /* Sources */,
				8D11072E0486CEB800E47090 /* Frameworks */,
			);
			buildRules = (
			);
			dependencies = (
			);
			name = JSCocoaLauncher;
			productInstallPath = "$(HOME)/Applications";
			productName = JSCocoaLauncher;
			productReference = 8D1107320486CEB800E47090 /* JSCocoaLauncher.app */;
			productType = "com.apple.product-type.application";
		};
/* End PBXNativeTarget section */

/* Begin PBXProject section */
		29B97313FDCFA39411CA2CEA /* Project object */ = {
			isa = PBXProject;
			buildConfigurationList = C01FCF4E08A954540054247B /* Build configuration list for PBXProject "JSCocoaLauncher" */;
			compatibilityVersion = "Xcode 3.1";
			hasScannedForEncodings = 1;
			mainGroup = 29B97314FDCFA39411CA2CEA /* JSCocoaLauncher */;
			projectDirPath = "";
			projectRoot = "";
			targets = (
				8D1107260486CEB800E47090 /* JSCocoaLauncher */,
			);
		};
/* End PBXProject section */

/* Begin PBXResourcesBuildPhase section */
		8D1107290486CEB800E47090 /* Resources */ = {
			isa = PBXResourcesBuildPhase;
			buildActionMask = 2147483647;
			files = (
				3DF575330EAD2367001018F7 /* JSCocoaLauncher.js in Resources */,
				3D8A02450EB3730E00B4B080 /* class.js in Resources */,
				8D11072B0486CEB800E47090 /* InfoPlist.strings in Resources */,
				1DDD58160DA1D0A300B32029 /* MainMenu.xib in Resources */,
				3DB05FCC0F24BF960043C238 /* RowView.xib in Resources */,
			);
			runOnlyForDeploymentPostprocessing = 0;
		};
/* End PBXResourcesBuildPhase section */

/* Begin PBXSourcesBuildPhase section */
		8D11072C0486CEB800E47090 /* Sources */ = {
			isa = PBXSourcesBuildPhase;
			buildActionMask = 2147483647;
			files = (
				8D11072D0486CEB800E47090 /* main.m in Sources */,
				3D8A02440EB3730E00B4B080 /* BridgeSupportController.m in Sources */,
				3D8A02460EB3730E00B4B080 /* JSCocoaController.m in Sources */,
				3D8A02470EB3730E00B4B080 /* JSCocoaFFIArgument.m in Sources */,
				3D8A02480EB3730E00B4B080 /* JSCocoaFFIClosure.m in Sources */,
				3D8A02490EB3730E00B4B080 /* JSCocoaPrivateObject.m in Sources */,
				3D316B7A0F3127A900F0F4BA /* JSCocoaLib.m in Sources */,
			);
			runOnlyForDeploymentPostprocessing = 0;
		};
/* End PBXSourcesBuildPhase section */

/* Begin PBXVariantGroup section */
		089C165CFE840E0CC02AAC07 /* InfoPlist.strings */ = {
			isa = PBXVariantGroup;
			children = (
				089C165DFE840E0CC02AAC07 /* English */,
			);
			name = InfoPlist.strings;
			sourceTree = "<group>";
		};
		1DDD58140DA1D0A300B32029 /* MainMenu.xib */ = {
			isa = PBXVariantGroup;
			children = (
				1DDD58150DA1D0A300B32029 /* English */,
			);
			name = MainMenu.xib;
			sourceTree = "<group>";
		};
		3DB05FCA0F24BF960043C238 /* RowView.xib */ = {
			isa = PBXVariantGroup;
			children = (
				3DB05FCB0F24BF960043C238 /* English */,
			);
			name = RowView.xib;
			sourceTree = "<group>";
		};
/* End PBXVariantGroup section */

/* Begin XCBuildConfiguration section */
		C01FCF4B08A954540054247B /* Debug */ = {
			isa = XCBuildConfiguration;
			buildSettings = {
				ALWAYS_SEARCH_USER_PATHS = NO;
				COPY_PHASE_STRIP = NO;
				GCC_DYNAMIC_NO_PIC = NO;
				GCC_ENABLE_FIX_AND_CONTINUE = YES;
				GCC_MODEL_TUNING = G5;
				GCC_OPTIMIZATION_LEVEL = 0;
				GCC_PRECOMPILE_PREFIX_HEADER = YES;
				GCC_PREFIX_HEADER = JSCocoaLauncher_Prefix.pch;
				INFOPLIST_FILE = Info.plist;
				INSTALL_PATH = "$(HOME)/Applications";
				PRODUCT_NAME = JSCocoaLauncher;
			};
			name = Debug;
		};
		C01FCF4C08A954540054247B /* Release */ = {
			isa = XCBuildConfiguration;
			buildSettings = {
				ALWAYS_SEARCH_USER_PATHS = NO;
				DEBUG_INFORMATION_FORMAT = "dwarf-with-dsym";
				GCC_MODEL_TUNING = G5;
				GCC_PRECOMPILE_PREFIX_HEADER = YES;
				GCC_PREFIX_HEADER = JSCocoaLauncher_Prefix.pch;
				INFOPLIST_FILE = Info.plist;
				INSTALL_PATH = "$(HOME)/Applications";
				PRODUCT_NAME = JSCocoaLauncher;
			};
			name = Release;
		};
		C01FCF4F08A954540054247B /* Debug */ = {
			isa = XCBuildConfiguration;
			buildSettings = {
				ARCHS = "$(ARCHS_STANDARD_32_BIT)";
				GCC_C_LANGUAGE_STANDARD = c99;
				GCC_OPTIMIZATION_LEVEL = 0;
				GCC_WARN_ABOUT_RETURN_TYPE = YES;
				GCC_WARN_UNUSED_VARIABLE = YES;
				ONLY_ACTIVE_ARCH = YES;
				OTHER_LDFLAGS = "-lffi";
				PREBINDING = NO;
				SDKROOT = macosx10.5;
			};
			name = Debug;
		};
		C01FCF5008A954540054247B /* Release */ = {
			isa = XCBuildConfiguration;
			buildSettings = {
				ARCHS = "$(ARCHS_STANDARD_32_BIT)";
				GCC_C_LANGUAGE_STANDARD = c99;
				GCC_WARN_ABOUT_RETURN_TYPE = YES;
				GCC_WARN_UNUSED_VARIABLE = YES;
				OTHER_LDFLAGS = "-lffi";
				PREBINDING = NO;
				SDKROOT = macosx10.5;
			};
			name = Release;
		};
/* End XCBuildConfiguration section */

/* Begin XCConfigurationList section */
		C01FCF4A08A954540054247B /* Build configuration list for PBXNativeTarget "JSCocoaLauncher" */ = {
			isa = XCConfigurationList;
			buildConfigurations = (
				C01FCF4B08A954540054247B /* Debug */,
				C01FCF4C08A954540054247B /* Release */,
			);
			defaultConfigurationIsVisible = 0;
			defaultConfigurationName = Release;
		};
		C01FCF4E08A954540054247B /* Build configuration list for PBXProject "JSCocoaLauncher" */ = {
			isa = XCConfigurationList;
			buildConfigurations = (
				C01FCF4F08A954540054247B /* Debug */,
				C01FCF5008A954540054247B /* Release */,
			);
			defaultConfigurationIsVisible = 0;
			defaultConfigurationName = Release;
		};
/* End XCConfigurationList section */
	};
	rootObject = 29B97313FDCFA39411CA2CEA /* Project object */;
}
