// !$*UTF8*$!
{
	archiveVersion = 1;
	classes = {
	};
	objectVersion = 45;
	objects = {

/* Begin PBXBuildFile section */
		1DDD58160DA1D0A300B32029 /* MainMenu.xib in Resources */ = {isa = PBXBuildFile; fileRef = 1DDD58140DA1D0A300B32029 /* MainMenu.xib */; };
		3D0D36FB0F93F85F00697133 /* WebKit.framework in Frameworks */ = {isa = PBXBuildFile; fileRef = 3D0D36FA0F93F85F00697133 /* WebKit.framework */; };
		3D0D37130F93FA5900697133 /* source code view.html in Resources */ = {isa = PBXBuildFile; fileRef = 3D0D37120F93FA5900697133 /* source code view.html */; };
		3D9CEAB10F8620E2004EB118 /* launcher.js in Resources */ = {isa = PBXBuildFile; fileRef = 3D9CEAB00F8620E2004EB118 /* launcher.js */; };
		3D9CEB220F862115004EB118 /* BridgeSupportController.m in Sources */ = {isa = PBXBuildFile; fileRef = 3D9CEAFB0F862115004EB118 /* BridgeSupportController.m */; };
		3D9CEB230F862115004EB118 /* class.js in Resources */ = {isa = PBXBuildFile; fileRef = 3D9CEAFC0F862115004EB118 /* class.js */; };
		3D9CEB2E0F862115004EB118 /* JSCocoaController.m in Sources */ = {isa = PBXBuildFile; fileRef = 3D9CEB190F862115004EB118 /* JSCocoaController.m */; };
		3D9CEB2F0F862115004EB118 /* JSCocoaFFIArgument.m in Sources */ = {isa = PBXBuildFile; fileRef = 3D9CEB1B0F862115004EB118 /* JSCocoaFFIArgument.m */; };
		3D9CEB300F862115004EB118 /* JSCocoaFFIClosure.m in Sources */ = {isa = PBXBuildFile; fileRef = 3D9CEB1D0F862115004EB118 /* JSCocoaFFIClosure.m */; };
		3D9CEB310F862115004EB118 /* JSCocoaLib.m in Sources */ = {isa = PBXBuildFile; fileRef = 3D9CEB1F0F862115004EB118 /* JSCocoaLib.m */; };
		3D9CEB320F862115004EB118 /* JSCocoaPrivateObject.m in Sources */ = {isa = PBXBuildFile; fileRef = 3D9CEB210F862115004EB118 /* JSCocoaPrivateObject.m */; };
		3D9CEB440F86216A004EB118 /* JavaScriptCore.framework in Frameworks */ = {isa = PBXBuildFile; fileRef = 3D9CEB430F86216A004EB118 /* JavaScriptCore.framework */; };
		3DF6A5F10F86ECB40011A48D /* Console.tiff in Resources */ = {isa = PBXBuildFile; fileRef = 3DF6A5F00F86ECB40011A48D /* Console.tiff */; };
		3DF6A5F50F86ED530011A48D /* iPhoneSimulator.tiff in Resources */ = {isa = PBXBuildFile; fileRef = 3DF6A5F40F86ED530011A48D /* iPhoneSimulator.tiff */; };
		3DF6A5FF0F86EDD50011A48D /* GoogleGroups.tiff in Resources */ = {isa = PBXBuildFile; fileRef = 3DF6A5FE0F86EDD50011A48D /* GoogleGroups.tiff */; };
		3DF6A6340F86EF660011A48D /* URL.tiff in Resources */ = {isa = PBXBuildFile; fileRef = 3DF6A6330F86EF660011A48D /* URL.tiff */; };
		8D11072B0486CEB800E47090 /* InfoPlist.strings in Resources */ = {isa = PBXBuildFile; fileRef = 089C165CFE840E0CC02AAC07 /* InfoPlist.strings */; };
		8D11072D0486CEB800E47090 /* main.m in Sources */ = {isa = PBXBuildFile; fileRef = 29B97316FDCFA39411CA2CEA /* main.m */; settings = {ATTRIBUTES = (); }; };
		8D11072F0486CEB800E47090 /* Cocoa.framework in Frameworks */ = {isa = PBXBuildFile; fileRef = 1058C7A1FEA54F0111CA2CBB /* Cocoa.framework */; };
/* End PBXBuildFile section */

/* Begin PBXFileReference section */
		089C165DFE840E0CC02AAC07 /* English */ = {isa = PBXFileReference; fileEncoding = 10; lastKnownFileType = text.plist.strings; name = English; path = English.lproj/InfoPlist.strings; sourceTree = "<group>"; };
		1058C7A1FEA54F0111CA2CBB /* Cocoa.framework */ = {isa = PBXFileReference; lastKnownFileType = wrapper.framework; name = Cocoa.framework; path = /System/Library/Frameworks/Cocoa.framework; sourceTree = "<absolute>"; };
		13E42FB307B3F0F600E4EEF1 /* CoreData.framework */ = {isa = PBXFileReference; lastKnownFileType = wrapper.framework; name = CoreData.framework; path = /System/Library/Frameworks/CoreData.framework; sourceTree = "<absolute>"; };
		1DDD58150DA1D0A300B32029 /* English */ = {isa = PBXFileReference; lastKnownFileType = file.xib; name = English; path = English.lproj/MainMenu.xib; sourceTree = "<group>"; };
		29B97316FDCFA39411CA2CEA /* main.m */ = {isa = PBXFileReference; fileEncoding = 4; lastKnownFileType = sourcecode.c.objc; path = main.m; sourceTree = "<group>"; };
		29B97324FDCFA39411CA2CEA /* AppKit.framework */ = {isa = PBXFileReference; lastKnownFileType = wrapper.framework; name = AppKit.framework; path = /System/Library/Frameworks/AppKit.framework; sourceTree = "<absolute>"; };
		29B97325FDCFA39411CA2CEA /* Foundation.framework */ = {isa = PBXFileReference; lastKnownFileType = wrapper.framework; name = Foundation.framework; path = /System/Library/Frameworks/Foundation.framework; sourceTree = "<absolute>"; };
		32CA4F630368D1EE00C91783 /* JSCocoaLauncher_Prefix.pch */ = {isa = PBXFileReference; fileEncoding = 4; lastKnownFileType = sourcecode.c.h; path = JSCocoaLauncher_Prefix.pch; sourceTree = "<group>"; };
		3D0D36FA0F93F85F00697133 /* WebKit.framework */ = {isa = PBXFileReference; lastKnownFileType = wrapper.framework; name = WebKit.framework; path = /System/Library/Frameworks/WebKit.framework; sourceTree = "<absolute>"; };
		3D0D37120F93FA5900697133 /* source code view.html */ = {isa = PBXFileReference; fileEncoding = 4; lastKnownFileType = text.html; path = "source code view.html"; sourceTree = "<group>"; };
		3D9CEAB00F8620E2004EB118 /* launcher.js */ = {isa = PBXFileReference; fileEncoding = 4; lastKnownFileType = sourcecode.javascript; path = launcher.js; sourceTree = "<group>"; };
		3D9CEAFA0F862115004EB118 /* BridgeSupportController.h */ = {isa = PBXFileReference; fileEncoding = 4; lastKnownFileType = sourcecode.c.h; path = BridgeSupportController.h; sourceTree = "<group>"; };
		3D9CEAFB0F862115004EB118 /* BridgeSupportController.m */ = {isa = PBXFileReference; fileEncoding = 4; lastKnownFileType = sourcecode.c.objc; path = BridgeSupportController.m; sourceTree = "<group>"; };
		3D9CEAFC0F862115004EB118 /* class.js */ = {isa = PBXFileReference; fileEncoding = 4; lastKnownFileType = sourcecode.javascript; path = class.js; sourceTree = "<group>"; };
		3D9CEB130F862115004EB118 /* JSCocoa.h */ = {isa = PBXFileReference; fileEncoding = 4; lastKnownFileType = sourcecode.c.h; path = JSCocoa.h; sourceTree = "<group>"; };
		3D9CEB180F862115004EB118 /* JSCocoaController.h */ = {isa = PBXFileReference; fileEncoding = 4; lastKnownFileType = sourcecode.c.h; path = JSCocoaController.h; sourceTree = "<group>"; };
		3D9CEB190F862115004EB118 /* JSCocoaController.m */ = {isa = PBXFileReference; fileEncoding = 4; lastKnownFileType = sourcecode.c.objc; path = JSCocoaController.m; sourceTree = "<group>"; };
		3D9CEB1A0F862115004EB118 /* JSCocoaFFIArgument.h */ = {isa = PBXFileReference; fileEncoding = 4; lastKnownFileType = sourcecode.c.h; path = JSCocoaFFIArgument.h; sourceTree = "<group>"; };
		3D9CEB1B0F862115004EB118 /* JSCocoaFFIArgument.m */ = {isa = PBXFileReference; fileEncoding = 4; lastKnownFileType = sourcecode.c.objc; path = JSCocoaFFIArgument.m; sourceTree = "<group>"; };
		3D9CEB1C0F862115004EB118 /* JSCocoaFFIClosure.h */ = {isa = PBXFileReference; fileEncoding = 4; lastKnownFileType = sourcecode.c.h; path = JSCocoaFFIClosure.h; sourceTree = "<group>"; };
		3D9CEB1D0F862115004EB118 /* JSCocoaFFIClosure.m */ = {isa = PBXFileReference; fileEncoding = 4; lastKnownFileType = sourcecode.c.objc; path = JSCocoaFFIClosure.m; sourceTree = "<group>"; };
		3D9CEB1E0F862115004EB118 /* JSCocoaLib.h */ = {isa = PBXFileReference; fileEncoding = 4; lastKnownFileType = sourcecode.c.h; path = JSCocoaLib.h; sourceTree = "<group>"; };
		3D9CEB1F0F862115004EB118 /* JSCocoaLib.m */ = {isa = PBXFileReference; fileEncoding = 4; lastKnownFileType = sourcecode.c.objc; path = JSCocoaLib.m; sourceTree = "<group>"; };
		3D9CEB200F862115004EB118 /* JSCocoaPrivateObject.h */ = {isa = PBXFileReference; fileEncoding = 4; lastKnownFileType = sourcecode.c.h; path = JSCocoaPrivateObject.h; sourceTree = "<group>"; };
		3D9CEB210F862115004EB118 /* JSCocoaPrivateObject.m */ = {isa = PBXFileReference; fileEncoding = 4; lastKnownFileType = sourcecode.c.objc; path = JSCocoaPrivateObject.m; sourceTree = "<group>"; };
		3D9CEB430F86216A004EB118 /* JavaScriptCore.framework */ = {isa = PBXFileReference; lastKnownFileType = wrapper.framework; name = JavaScriptCore.framework; path = /System/Library/Frameworks/JavaScriptCore.framework; sourceTree = "<absolute>"; };
		3DF6A5F00F86ECB40011A48D /* Console.tiff */ = {isa = PBXFileReference; lastKnownFileType = image.tiff; path = Console.tiff; sourceTree = "<group>"; };
		3DF6A5F40F86ED530011A48D /* iPhoneSimulator.tiff */ = {isa = PBXFileReference; lastKnownFileType = image.tiff; path = iPhoneSimulator.tiff; sourceTree = "<group>"; };
		3DF6A5FE0F86EDD50011A48D /* GoogleGroups.tiff */ = {isa = PBXFileReference; lastKnownFileType = image.tiff; path = GoogleGroups.tiff; sourceTree = "<group>"; };
		3DF6A6330F86EF660011A48D /* URL.tiff */ = {isa = PBXFileReference; lastKnownFileType = image.tiff; path = URL.tiff; sourceTree = "<group>"; };
		8D1107310486CEB800E47090 /* Info.plist */ = {isa = PBXFileReference; fileEncoding = 4; lastKnownFileType = text.plist.xml; path = Info.plist; sourceTree = "<group>"; };
		8D1107320486CEB800E47090 /* JSCocoaLauncher.app */ = {isa = PBXFileReference; explicitFileType = wrapper.application; includeInIndex = 0; path = JSCocoaLauncher.app; sourceTree = BUILT_PRODUCTS_DIR; };
/* End PBXFileReference section */

/* Begin PBXFrameworksBuildPhase section */
		8D11072E0486CEB800E47090 /* Frameworks */ = {
			isa = PBXFrameworksBuildPhase;
			buildActionMask = 2147483647;
			files = (
				8D11072F0486CEB800E47090 /* Cocoa.framework in Frameworks */,
				3D9CEB440F86216A004EB118 /* JavaScriptCore.framework in Frameworks */,
				3D0D36FB0F93F85F00697133 /* WebKit.framework in Frameworks */,
			);
			runOnlyForDeploymentPostprocessing = 0;
		};
/* End PBXFrameworksBuildPhase section */

/* Begin PBXGroup section */
		1058C7A0FEA54F0111CA2CBB /* Linked Frameworks */ = {
			isa = PBXGroup;
			children = (
				1058C7A1FEA54F0111CA2CBB /* Cocoa.framework */,
			);
			name = "Linked Frameworks";
			sourceTree = "<group>";
		};
		1058C7A2FEA54F0111CA2CBB /* Other Frameworks */ = {
			isa = PBXGroup;
			children = (
				29B97324FDCFA39411CA2CEA /* AppKit.framework */,
				13E42FB307B3F0F600E4EEF1 /* CoreData.framework */,
				29B97325FDCFA39411CA2CEA /* Foundation.framework */,
			);
			name = "Other Frameworks";
			sourceTree = "<group>";
		};
		19C28FACFE9D520D11CA2CBB /* Products */ = {
			isa = PBXGroup;
			children = (
				8D1107320486CEB800E47090 /* JSCocoaLauncher.app */,
			);
			name = Products;
			sourceTree = "<group>";
		};
		29B97314FDCFA39411CA2CEA /* JSCocoaLauncher */ = {
			isa = PBXGroup;
			children = (
				3D9CEAF90F862115004EB118 /* JSCocoa */,
				29B97315FDCFA39411CA2CEA /* Other Sources */,
				29B97317FDCFA39411CA2CEA /* Resources */,
				29B97323FDCFA39411CA2CEA /* Frameworks */,
				19C28FACFE9D520D11CA2CBB /* Products */,
			);
			name = JSCocoaLauncher;
			sourceTree = "<group>";
		};
		29B97315FDCFA39411CA2CEA /* Other Sources */ = {
			isa = PBXGroup;
			children = (
				32CA4F630368D1EE00C91783 /* JSCocoaLauncher_Prefix.pch */,
				29B97316FDCFA39411CA2CEA /* main.m */,
			);
			name = "Other Sources";
			sourceTree = "<group>";
		};
		29B97317FDCFA39411CA2CEA /* Resources */ = {
			isa = PBXGroup;
			children = (
				3D0D37120F93FA5900697133 /* source code view.html */,
				3D9CEAB00F8620E2004EB118 /* launcher.js */,
				3DF6A6330F86EF660011A48D /* URL.tiff */,
				3DF6A5FE0F86EDD50011A48D /* GoogleGroups.tiff */,
				3DF6A5F00F86ECB40011A48D /* Console.tiff */,
				3DF6A5F40F86ED530011A48D /* iPhoneSimulator.tiff */,
				8D1107310486CEB800E47090 /* Info.plist */,
				089C165CFE840E0CC02AAC07 /* InfoPlist.strings */,
				1DDD58140DA1D0A300B32029 /* MainMenu.xib */,
			);
			name = Resources;
			sourceTree = "<group>";
		};
		29B97323FDCFA39411CA2CEA /* Frameworks */ = {
			isa = PBXGroup;
			children = (
				3D0D36FA0F93F85F00697133 /* WebKit.framework */,
				3D9CEB430F86216A004EB118 /* JavaScriptCore.framework */,
				1058C7A0FEA54F0111CA2CBB /* Linked Frameworks */,
				1058C7A2FEA54F0111CA2CBB /* Other Frameworks */,
			);
			name = Frameworks;
			sourceTree = "<group>";
		};
		3D9CEAF90F862115004EB118 /* JSCocoa */ = {
			isa = PBXGroup;
			children = (
				3D9CEAFA0F862115004EB118 /* BridgeSupportController.h */,
				3D9CEAFB0F862115004EB118 /* BridgeSupportController.m */,
				3D9CEAFC0F862115004EB118 /* class.js */,
				3D9CEB130F862115004EB118 /* JSCocoa.h */,
				3D9CEB180F862115004EB118 /* JSCocoaController.h */,
				3D9CEB190F862115004EB118 /* JSCocoaController.m */,
				3D9CEB1A0F862115004EB118 /* JSCocoaFFIArgument.h */,
				3D9CEB1B0F862115004EB118 /* JSCocoaFFIArgument.m */,
				3D9CEB1C0F862115004EB118 /* JSCocoaFFIClosure.h */,
				3D9CEB1D0F862115004EB118 /* JSCocoaFFIClosure.m */,
				3D9CEB1E0F862115004EB118 /* JSCocoaLib.h */,
				3D9CEB1F0F862115004EB118 /* JSCocoaLib.m */,
				3D9CEB200F862115004EB118 /* JSCocoaPrivateObject.h */,
				3D9CEB210F862115004EB118 /* JSCocoaPrivateObject.m */,
			);
			name = JSCocoa;
			path = ../JSCocoa;
			sourceTree = SOURCE_ROOT;
		};
/* End PBXGroup section */

/* Begin PBXNativeTarget section */
		8D1107260486CEB800E47090 /* JSCocoaLauncher */ = {
			isa = PBXNativeTarget;
			buildConfigurationList = C01FCF4A08A954540054247B /* Build configuration list for PBXNativeTarget "JSCocoaLauncher" */;
			buildPhases = (
				8D1107290486CEB800E47090 /* Resources */,
				8D11072C0486CEB800E47090 /* Sources */,
				8D11072E0486CEB800E47090 /* Frameworks */,
			);
			buildRules = (
			);
			dependencies = (
			);
			name = JSCocoaLauncher;
			productInstallPath = "$(HOME)/Applications";
			productName = JSCocoaLauncher;
			productReference = 8D1107320486CEB800E47090 /* JSCocoaLauncher.app */;
			productType = "com.apple.product-type.application";
		};
/* End PBXNativeTarget section */

/* Begin PBXProject section */
		29B97313FDCFA39411CA2CEA /* Project object */ = {
			isa = PBXProject;
			buildConfigurationList = C01FCF4E08A954540054247B /* Build configuration list for PBXProject "JSCocoaLauncher" */;
			compatibilityVersion = "Xcode 3.1";
			developmentRegion = English;
			hasScannedForEncodings = 1;
			knownRegions = (
				English,
				Japanese,
				French,
				German,
			);
			mainGroup = 29B97314FDCFA39411CA2CEA /* JSCocoaLauncher */;
			projectDirPath = "";
			projectRoot = "";
			targets = (
				8D1107260486CEB800E47090 /* JSCocoaLauncher */,
			);
		};
/* End PBXProject section */

/* Begin PBXResourcesBuildPhase section */
		8D1107290486CEB800E47090 /* Resources */ = {
			isa = PBXResourcesBuildPhase;
			buildActionMask = 2147483647;
			files = (
				3D9CEB230F862115004EB118 /* class.js in Resources */,
				3D9CEAB10F8620E2004EB118 /* launcher.js in Resources */,
				8D11072B0486CEB800E47090 /* InfoPlist.strings in Resources */,
				1DDD58160DA1D0A300B32029 /* MainMenu.xib in Resources */,
				3DF6A5F10F86ECB40011A48D /* Console.tiff in Resources */,
				3DF6A5F50F86ED530011A48D /* iPhoneSimulator.tiff in Resources */,
				3DF6A5FF0F86EDD50011A48D /* GoogleGroups.tiff in Resources */,
				3DF6A6340F86EF660011A48D /* URL.tiff in Resources */,
				3D0D37130F93FA5900697133 /* source code view.html in Resources */,
			);
			runOnlyForDeploymentPostprocessing = 0;
		};
/* End PBXResourcesBuildPhase section */

/* Begin PBXSourcesBuildPhase section */
		8D11072C0486CEB800E47090 /* Sources */ = {
			isa = PBXSourcesBuildPhase;
			buildActionMask = 2147483647;
			files = (
				8D11072D0486CEB800E47090 /* main.m in Sources */,
				3D9CEB220F862115004EB118 /* BridgeSupportController.m in Sources */,
				3D9CEB2E0F862115004EB118 /* JSCocoaController.m in Sources */,
				3D9CEB2F0F862115004EB118 /* JSCocoaFFIArgument.m in Sources */,
				3D9CEB300F862115004EB118 /* JSCocoaFFIClosure.m in Sources */,
				3D9CEB310F862115004EB118 /* JSCocoaLib.m in Sources */,
				3D9CEB320F862115004EB118 /* JSCocoaPrivateObject.m in Sources */,
			);
			runOnlyForDeploymentPostprocessing = 0;
		};
/* End PBXSourcesBuildPhase section */

/* Begin PBXVariantGroup section */
		089C165CFE840E0CC02AAC07 /* InfoPlist.strings */ = {
			isa = PBXVariantGroup;
			children = (
				089C165DFE840E0CC02AAC07 /* English */,
			);
			name = InfoPlist.strings;
			sourceTree = "<group>";
		};
		1DDD58140DA1D0A300B32029 /* MainMenu.xib */ = {
			isa = PBXVariantGroup;
			children = (
				1DDD58150DA1D0A300B32029 /* English */,
			);
			name = MainMenu.xib;
			sourceTree = "<group>";
		};
/* End PBXVariantGroup section */

/* Begin XCBuildConfiguration section */
		C01FCF4B08A954540054247B /* Debug */ = {
			isa = XCBuildConfiguration;
			buildSettings = {
				ALWAYS_SEARCH_USER_PATHS = NO;
				COPY_PHASE_STRIP = NO;
				GCC_DYNAMIC_NO_PIC = NO;
				GCC_ENABLE_FIX_AND_CONTINUE = YES;
				GCC_MODEL_TUNING = G5;
				GCC_OPTIMIZATION_LEVEL = 0;
				GCC_PRECOMPILE_PREFIX_HEADER = YES;
				GCC_PREFIX_HEADER = JSCocoaLauncher_Prefix.pch;
				INFOPLIST_FILE = Info.plist;
				INSTALL_PATH = "$(HOME)/Applications";
				PRODUCT_NAME = JSCocoaLauncher;
				SDKROOT = macosx10.6;
			};
			name = Debug;
		};
		C01FCF4C08A954540054247B /* Release */ = {
			isa = XCBuildConfiguration;
			buildSettings = {
				ALWAYS_SEARCH_USER_PATHS = NO;
				DEBUG_INFORMATION_FORMAT = "dwarf-with-dsym";
				GCC_MODEL_TUNING = G5;
				GCC_PRECOMPILE_PREFIX_HEADER = YES;
				GCC_PREFIX_HEADER = JSCocoaLauncher_Prefix.pch;
				INFOPLIST_FILE = Info.plist;
				INSTALL_PATH = "$(HOME)/Applications";
				PRODUCT_NAME = JSCocoaLauncher;
				SDKROOT = macosx10.6;
			};
			name = Release;
		};
		C01FCF4F08A954540054247B /* Debug */ = {
			isa = XCBuildConfiguration;
			buildSettings = {
				ARCHS = "$(ARCHS_STANDARD_32_BIT)";
				GCC_C_LANGUAGE_STANDARD = c99;
				GCC_OPTIMIZATION_LEVEL = 0;
				GCC_WARN_ABOUT_RETURN_TYPE = YES;
				GCC_WARN_UNUSED_VARIABLE = YES;
				ONLY_ACTIVE_ARCH = YES;
				OTHER_LDFLAGS = "-lffi";
				PREBINDING = NO;
				SDKROOT = macosx10.5;
			};
			name = Debug;
		};
		C01FCF5008A954540054247B /* Release */ = {
			isa = XCBuildConfiguration;
			buildSettings = {
				ARCHS = "$(ARCHS_STANDARD_32_BIT)";
				GCC_C_LANGUAGE_STANDARD = c99;
				GCC_WARN_ABOUT_RETURN_TYPE = YES;
				GCC_WARN_UNUSED_VARIABLE = YES;
				OTHER_LDFLAGS = "-lffi";
				PREBINDING = NO;
				SDKROOT = macosx10.5;
			};
			name = Release;
		};
/* End XCBuildConfiguration section */

/* Begin XCConfigurationList section */
		C01FCF4A08A954540054247B /* Build configuration list for PBXNativeTarget "JSCocoaLauncher" */ = {
			isa = XCConfigurationList;
			buildConfigurations = (
				C01FCF4B08A954540054247B /* Debug */,
				C01FCF4C08A954540054247B /* Release */,
			);
			defaultConfigurationIsVisible = 0;
			defaultConfigurationName = Release;
		};
		C01FCF4E08A954540054247B /* Build configuration list for PBXProject "JSCocoaLauncher" */ = {
			isa = XCConfigurationList;
			buildConfigurations = (
				C01FCF4F08A954540054247B /* Debug */,
				C01FCF5008A954540054247B /* Release */,
			);
			defaultConfigurationIsVisible = 0;
			defaultConfigurationName = Release;
		};
/* End XCConfigurationList section */
	};
	rootObject = 29B97313FDCFA39411CA2CEA /* Project object */;
}
